<?xml version="1.0" encoding="utf-8"?>
<Project ToolsVersion="4.0" xmlns="http://schemas.microsoft.com/developer/msbuild/2003">
  <ItemGroup>
    <ClInclude Include="stdafx.h" />
    <ClInclude Include="targetver.h" />
    <ClInclude Include="Engine\DirectoryStructure.h">
      <Filter>Engine</Filter>
    </ClInclude>
    <ClInclude Include="RunTime\MonoInterface.h">
      <Filter>RunTime</Filter>
    </ClInclude>
    <ClInclude Include="IMonoInterface.h" />
    <ClInclude Include="MonoHeaders.h" />
    <ClInclude Include="ThunkTables.h" />
    <ClInclude Include="RunTime\DebugEventReporter.h">
      <Filter>RunTime</Filter>
    </ClInclude>
    <ClInclude Include="RunTime\EventBroadcaster.h">
      <Filter>RunTime</Filter>
    </ClInclude>
    <ClInclude Include="RunTime\AllInterops.h" />
    <ClInclude Include="API_ImplementationHeaders.h" />
    <ClInclude Include="CryCilHeader.h" />
    <ClInclude Include="DoxygenExampleFiles\UnmanagedThunkExample.h">
      <Filter>DoxygenExampleFiles</Filter>
    </ClInclude>
    <ClInclude Include="DoxygenExampleFiles\ListenerExample.h">
      <Filter>DoxygenExampleFiles\CryCIL Listeners\Native Listener</Filter>
    </ClInclude>
    <ClInclude Include="List.h">
      <Filter>Extras</Filter>
    </ClInclude>
    <ClInclude Include="SortedList.h">
      <Filter>Extras</Filter>
    </ClInclude>
    <ClInclude Include="Geometry\FaceMesh.h">
      <Filter>Geometry</Filter>
    </ClInclude>
    <ClInclude Include="Geometry\BspNode.h">
      <Filter>Geometry\CSG</Filter>
    </ClInclude>
    <ClInclude Include="Interops\CryMarshal.h">
      <Filter>Interops</Filter>
    </ClInclude>
    <ClInclude Include="Interfaces\IMonoSystemListener.h">
      <Filter>Interfaces</Filter>
    </ClInclude>
    <ClInclude Include="Interfaces\IMonoInterop.h">
      <Filter>Interfaces</Filter>
    </ClInclude>
    <ClInclude Include="Interfaces\IMonoFunctionalityWrapper.h">
      <Filter>Interfaces</Filter>
    </ClInclude>
    <ClInclude Include="DoxygenExampleFiles\MonoMethodInvocations.h">
      <Filter>DoxygenExampleFiles</Filter>
    </ClInclude>
    <ClInclude Include="Interfaces\IMonoTexts.h">
      <Filter>Interfaces\ObjectSystems</Filter>
    </ClInclude>
    <ClInclude Include="Interfaces\IMonoObjects.h">
      <Filter>Interfaces\ObjectSystems</Filter>
    </ClInclude>
    <ClInclude Include="Interfaces\IMonoArrays.h">
      <Filter>Interfaces\ObjectSystems</Filter>
    </ClInclude>
    <ClInclude Include="Interfaces\IMonoExceptions.h">
      <Filter>Interfaces\ObjectSystems</Filter>
    </ClInclude>
    <ClInclude Include="Interfaces\IMonoGC.h">
      <Filter>Interfaces\GC</Filter>
    </ClInclude>
    <ClInclude Include="Interfaces\IMonoArray.h">
      <Filter>Interfaces\Objects</Filter>
    </ClInclude>
    <ClInclude Include="Interfaces\IMonoException.h">
      <Filter>Interfaces\Objects</Filter>
    </ClInclude>
    <ClInclude Include="Interfaces\IMonoClass.h">
      <Filter>Interfaces\Metadata</Filter>
    </ClInclude>
    <ClInclude Include="Interfaces\IMonoEvent.h">
      <Filter>Interfaces\Metadata</Filter>
    </ClInclude>
    <ClInclude Include="Interfaces\IMonoProperty.h">
      <Filter>Interfaces\Metadata</Filter>
    </ClInclude>
    <ClInclude Include="Interfaces\IMonoMethod.h">
      <Filter>Interfaces\Metadata</Filter>
    </ClInclude>
    <ClInclude Include="Interfaces\IMonoText.h">
      <Filter>Interfaces\Objects</Filter>
    </ClInclude>
    <ClInclude Include="Interfaces\IMonoDelegate.h">
      <Filter>Interfaces\Objects</Filter>
    </ClInclude>
    <ClInclude Include="Interfaces\IMonoDelegates.h">
      <Filter>Interfaces\ObjectSystems</Filter>
    </ClInclude>
    <ClInclude Include="Interfaces\IMonoAliases.h">
      <Filter>Interfaces</Filter>
    </ClInclude>
    <ClInclude Include="Interfaces\IMonoBox.h">
      <Filter>Interfaces\ObjectSystems</Filter>
    </ClInclude>
    <ClInclude Include="Interfaces\IMonoThread.h">
      <Filter>Interfaces\Objects</Filter>
    </ClInclude>
    <ClInclude Include="Interfaces\IMonoThreads.h">
      <Filter>Interfaces\ObjectSystems</Filter>
    </ClInclude>
    <ClInclude Include="Testing\TestStart.h">
      <Filter>Testing</Filter>
    </ClInclude>
    <ClInclude Include="Testing\TestAssemblies.h">
      <Filter>Testing</Filter>
    </ClInclude>
    <ClInclude Include="MonoDefinitionFiles\MonoArray.h">
      <Filter>MonoDefinitionFiles</Filter>
    </ClInclude>
    <ClInclude Include="MonoDefinitionFiles\MonoDelegate.h">
      <Filter>MonoDefinitionFiles</Filter>
    </ClInclude>
    <ClInclude Include="Implementation\MonoAssembly.h">
      <Filter>Implementations\Metadata</Filter>
    </ClInclude>
    <ClInclude Include="Implementation\MonoClass.h">
      <Filter>Implementations\Metadata</Filter>
    </ClInclude>
    <ClInclude Include="Implementation\MonoEvent.h">
      <Filter>Implementations\Metadata</Filter>
    </ClInclude>
    <ClInclude Include="Implementation\MonoMethod.h">
      <Filter>Implementations\Metadata</Filter>
    </ClInclude>
    <ClInclude Include="Implementation\MonoProperty.h">
      <Filter>Implementations\Metadata</Filter>
    </ClInclude>
    <ClInclude Include="Implementation\MonoGC.h">
      <Filter>Implementations\GC</Filter>
    </ClInclude>
    <ClInclude Include="Implementation\DefaultBoxinator.h">
      <Filter>Implementations\ObjectSystems</Filter>
    </ClInclude>
    <ClInclude Include="Implementation\MonoArrays.h">
      <Filter>Implementations\ObjectSystems</Filter>
    </ClInclude>
    <ClInclude Include="Implementation\MonoDelegates.h">
      <Filter>Implementations\ObjectSystems</Filter>
    </ClInclude>
    <ClInclude Include="Implementation\MonoExceptions.h">
      <Filter>Implementations\ObjectSystems</Filter>
    </ClInclude>
    <ClInclude Include="Implementation\MonoObjects.h">
      <Filter>Implementations\ObjectSystems</Filter>
    </ClInclude>
    <ClInclude Include="Implementation\MonoTexts.h">
      <Filter>Implementations\ObjectSystems</Filter>
    </ClInclude>
    <ClInclude Include="Implementation\MonoThreads.h">
      <Filter>Implementations\ObjectSystems</Filter>
    </ClInclude>
    <ClInclude Include="Tuples.h">
      <Filter>Extras</Filter>
    </ClInclude>
    <ClInclude Include="Interfaces\IMonoConstructor.h">
      <Filter>Interfaces\Metadata</Filter>
    </ClInclude>
    <ClInclude Include="Implementation\MonoConstructor.h">
      <Filter>Implementations\Metadata</Filter>
    </ClInclude>
    <ClInclude Include="Interfaces\IMonoAssembly.h">
      <Filter>Interfaces\Metadata</Filter>
    </ClInclude>
    <ClInclude Include="Interfaces\IMonoCoreLibrary.h">
      <Filter>Interfaces\Metadata</Filter>
    </ClInclude>
    <ClInclude Include="Interfaces\ICryambly.h">
      <Filter>Interfaces\Metadata</Filter>
    </ClInclude>
    <ClInclude Include="Implementation\AssemblyUtilities.h">
      <Filter>Implementations\Metadata</Filter>
    </ClInclude>
    <ClInclude Include="Implementation\MonoCoreLibrary.h">
      <Filter>Implementations\Metadata</Filter>
    </ClInclude>
    <ClInclude Include="Implementation\MonoAssemblies.h">
      <Filter>Implementations\Metadata</Filter>
    </ClInclude>
    <ClInclude Include="Implementation\Cryambly.h">
      <Filter>Implementations\Metadata</Filter>
    </ClInclude>
    <ClInclude Include="Testing\TestClasses.h">
      <Filter>Testing</Filter>
    </ClInclude>
    <ClInclude Include="Interfaces\IMonoField.h">
      <Filter>Interfaces\Metadata</Filter>
    </ClInclude>
    <ClInclude Include="Implementation\MonoField.h">
      <Filter>Implementations\Metadata</Filter>
    </ClInclude>
    <ClInclude Include="ReadOnlyList.h">
      <Filter>Extras</Filter>
    </ClInclude>
    <ClInclude Include="Interfaces\IMonoMember.h">
      <Filter>Interfaces\Metadata</Filter>
    </ClInclude>
    <ClInclude Include="Interfaces\IMonoFunction.h">
      <Filter>Interfaces\Metadata</Filter>
    </ClInclude>
    <ClInclude Include="Interfaces\IMonoStaticMethod.h">
      <Filter>Interfaces\Metadata</Filter>
    </ClInclude>
    <ClInclude Include="Implementation\MonoStaticMethod.h">
      <Filter>Implementations\Metadata</Filter>
    </ClInclude>
    <ClInclude Include="NtText.h">
      <Filter>Extras</Filter>
    </ClInclude>
    <ClInclude Include="Testing\TestObjects.h">
      <Filter>Testing</Filter>
    </ClInclude>
    <ClInclude Include="Interfaces\MonoGCHandle.h">
      <Filter>Interfaces\GC</Filter>
    </ClInclude>
    <ClInclude Include="DocumentationMarkers.h" />
    <ClInclude Include="Interfaces\IMonoObject.h">
      <Filter>Interfaces\Objects</Filter>
    </ClInclude>
    <ClInclude Include="Interfaces\IMonoFunctions.h">
      <Filter>Interfaces\Metadata</Filter>
    </ClInclude>
    <ClInclude Include="Implementation\MonoFunctions.h">
      <Filter>Implementations\Metadata</Filter>
    </ClInclude>
    <ClInclude Include="Interops\MouseInterop.h">
      <Filter>Interops\Engine\Input</Filter>
    </ClInclude>
    <ClInclude Include="Interops\InputInterop.h">
      <Filter>Interops\Engine\Input</Filter>
    </ClInclude>
    <ClInclude Include="Interops\LogPosting.h">
      <Filter>Interops\Engine</Filter>
    </ClInclude>
    <ClInclude Include="Interops\Console.h">
      <Filter>Interops\Engine\Console</Filter>
    </ClInclude>
    <ClInclude Include="Interops\ConsoleVariable.h">
      <Filter>Interops\Engine\Console</Filter>
    </ClInclude>
    <ClInclude Include="Interops\DebugDraw.h">
      <Filter>Interops\Engine\Debug</Filter>
    </ClInclude>
    <ClInclude Include="Interops\Profiling.h">
      <Filter>Interops\Engine\Debug</Filter>
    </ClInclude>
    <ClInclude Include="Interops\Timing.h">
      <Filter>Interops\Engine</Filter>
    </ClInclude>
    <ClInclude Include="Interops\ArchiveStream.h">
      <Filter>Interops\Engine\Files</Filter>
    </ClInclude>
    <ClInclude Include="Interops\CryArchive.h">
      <Filter>Interops\Engine\Files</Filter>
    </ClInclude>
    <ClInclude Include="Interops\Aliases.h">
      <Filter>Interops\Engine\Files</Filter>
    </ClInclude>
    <ClInclude Include="Interops\CryFiles.h">
      <Filter>Interops\Engine\Files</Filter>
    </ClInclude>
    <ClInclude Include="Interops\CryPak.h">
      <Filter>Interops\Engine\Files</Filter>
    </ClInclude>
    <ClInclude Include="Interops\AuxiliaryGeometry.h">
      <Filter>Interops\Engine\Debug</Filter>
    </ClInclude>
    <ClInclude Include="Interops\Renderer.h">
      <Filter>Interops\Engine\Rendering</Filter>
    </ClInclude>
    <ClInclude Include="Interops\Texture.h">
      <Filter>Interops\Engine\Rendering</Filter>
    </ClInclude>
    <ClInclude Include="Interops\CryFont.h">
      <Filter>Interops\Engine\Rendering</Filter>
    </ClInclude>
    <ClInclude Include="Interops\Locale.h">
      <Filter>Interops\Engine\Localization</Filter>
    </ClInclude>
    <ClInclude Include="Interops\LevelSystem.h">
      <Filter>Interops\Engine\CryAction</Filter>
    </ClInclude>
    <ClInclude Include="Interops\Level.h">
      <Filter>Interops\Engine\CryAction</Filter>
    </ClInclude>
    <ClInclude Include="Interops\Levels.h">
      <Filter>Interops\Engine\CryAction</Filter>
    </ClInclude>
    <ClInclude Include="TimeUtilities.h">
      <Filter>Extras</Filter>
    </ClInclude>
    <ClInclude Include="Interops\CryXmlNode.h">
      <Filter>Interops\Utilities</Filter>
    </ClInclude>
    <ClInclude Include="Interops\Materials.h">
      <Filter>Interops\Engine\Rendering</Filter>
    </ClInclude>
    <ClInclude Include="Interops\GeneralExtensions.h">
      <Filter>Interops\Utilities</Filter>
    </ClInclude>
    <ClInclude Include="Interops\Shading.h">
      <Filter>Interops\Engine\Rendering</Filter>
    </ClInclude>
    <ClInclude Include="Interops\MaterialLayers.h">
      <Filter>Interops\Engine\Rendering</Filter>
    </ClInclude>
    <ClInclude Include="Interops\SurfaceTypes.h">
      <Filter>Interops\Engine\Physics</Filter>
    </ClInclude>
    <ClInclude Include="Interops\StackString.h">
      <Filter>Interops\Utilities</Filter>
    </ClInclude>
    <ClInclude Include="Interops\ParticleEffect.h">
      <Filter>Interops\Engine\Effects</Filter>
    </ClInclude>
    <ClInclude Include="Interops\ParticleEmitter.h">
      <Filter>Interops\Engine\Effects</Filter>
    </ClInclude>
    <ClInclude Include="Interops\ParticleParameters.h">
      <Filter>Interops\Engine\Effects</Filter>
    </ClInclude>
    <ClInclude Include="Interops\ParticleEffectIterator.h">
      <Filter>Interops\Engine\Effects</Filter>
    </ClInclude>
    <ClInclude Include="Interops\Spline.h">
      <Filter>Interops\Utilities</Filter>
    </ClInclude>
    <ClInclude Include="Interops\CrySync.h">
      <Filter>Interops\Engine</Filter>
    </ClInclude>
    <ClInclude Include="Interops\TimeOfDay.h">
      <Filter>Interops\Engine\Environment</Filter>
    </ClInclude>
    <ClInclude Include="Interops\MonoCryXmlNode.h">
      <Filter>Interops\Utilities</Filter>
    </ClInclude>
    <ClInclude Include="Interops\Ocean.h">
      <Filter>Interops\Engine\Environment</Filter>
    </ClInclude>
    <ClInclude Include="Interops\Terrain.h">
      <Filter>Interops\Engine\Environment</Filter>
    </ClInclude>
    <ClInclude Include="Interops\MonoFlowNode.h">
      <Filter>Interops\Engine\Logic</Filter>
    </ClInclude>
    <ClInclude Include="Interops\FlowGraph.h">
      <Filter>Interops\Engine\Logic</Filter>
    </ClInclude>
    <ClInclude Include="Interops\MonoFlowNodeFactory.h">
      <Filter>Interops\Engine\Logic</Filter>
    </ClInclude>
    <ClInclude Include="Interops\Entity.h">
      <Filter>Interops\Engine\Logic</Filter>
    </ClInclude>
    <ClInclude Include="Interops\EntityExtension.h">
      <Filter>Interops\Engine\Logic</Filter>
    </ClInclude>
    <ClInclude Include="TypeMapChecks\CheckingBasics.h">
      <Filter>TypeMapChecks</Filter>
    </ClInclude>
    <ClInclude Include="Interops\MonoEntitySpawnParams.h">
      <Filter>Interops\Engine\Logic</Filter>
    </ClInclude>
    <ClInclude Include="Interops\EntityClass.h">
      <Filter>Interops\Engine\Logic</Filter>
    </ClInclude>
    <ClInclude Include="Interops\Game.h">
      <Filter>Interops</Filter>
    </ClInclude>
    <ClInclude Include="Interops\MonoLightProperties.h">
      <Filter>Interops\Engine\Rendering\Lighting</Filter>
    </ClInclude>
    <ClInclude Include="Interops\LightSource.h">
      <Filter>Interops\Engine\Rendering\Lighting</Filter>
    </ClInclude>
    <ClInclude Include="Interops\PhysicalWorld.h">
      <Filter>Interops\Engine\Physics</Filter>
    </ClInclude>
    <ClInclude Include="Interops\ExplosionStructs.h">
      <Filter>Interops\Engine\Physics</Filter>
    </ClInclude>
    <ClInclude Include="Interops\PhysicsParameterStructs.h">
      <Filter>Interops\Engine\Physics</Filter>
    </ClInclude>
    <ClInclude Include="Interops\PhysicsActionStructs.h">
      <Filter>Interops\Engine\Physics</Filter>
    </ClInclude>
    <ClInclude Include="Interops\PhysicsGeometryStructs.h">
      <Filter>Interops\Engine\Physics</Filter>
    </ClInclude>
    <ClInclude Include="Interops\PhysicsStatusStructs.h">
      <Filter>Interops\Engine\Physics</Filter>
    </ClInclude>
    <ClInclude Include="Interops\PhysicalEntity.h">
      <Filter>Interops\Engine\Physics</Filter>
    </ClInclude>
    <ClInclude Include="Interops\Lattice.h">
      <Filter>Interops\Engine\Physics</Filter>
    </ClInclude>
    <ClInclude Include="Interops\PhysicsEventRaisers.h">
      <Filter>Interops\Engine\Physics</Filter>
    </ClInclude>
    <ClInclude Include="Interops\IGeometry.h">
      <Filter>Interops\Engine\Physics</Filter>
    </ClInclude>
    <ClInclude Include="Interops\WriteLockCond.h">
      <Filter>Interops\Utilities</Filter>
    </ClInclude>
    <ClInclude Include="Interops\ForeignData.h">
      <Filter>Interops\Engine\Physics</Filter>
    </ClInclude>
    <ClInclude Include="Interops\PhysicalBody.h">
      <Filter>Interops\Engine\Physics</Filter>
    </ClInclude>
    <ClInclude Include="Interops\Ray.h">
      <Filter>Interops\Engine\Physics</Filter>
    </ClInclude>
    <ClInclude Include="Interops\PhysicsStructConversionUtilities.h">
      <Filter>Interops\Engine\Physics</Filter>
    </ClInclude>
    <ClInclude Include="Interops\PhysicalizationParameters.h">
      <Filter>Interops\Engine\Logic</Filter>
    </ClInclude>
    <ClInclude Include="Interops\WaterManagerStructs.h">
      <Filter>Interops\Engine\Physics</Filter>
    </ClInclude>
    <ClInclude Include="Interops\FacialEffectorController.h">
      <Filter>Interops\Engine\Models\Characters\FacialAnimation</Filter>
    </ClInclude>
    <ClInclude Include="Interops\FacialEffector.h">
      <Filter>Interops\Engine\Models\Characters\FacialAnimation</Filter>
    </ClInclude>
    <ClInclude Include="Interops\CustomMarshaling.h">
      <Filter>Interops\Utilities</Filter>
    </ClInclude>
    <ClInclude Include="Interops\FaceIdentifier.h">
      <Filter>Interops\Engine\Models\Characters\FacialAnimation</Filter>
    </ClInclude>
    <ClInclude Include="Interops\FacialEffectorsLibrary.h">
      <Filter>Interops\Engine\Models\Characters\FacialAnimation</Filter>
    </ClInclude>
    <ClInclude Include="Interops\FacialModel.h">
      <Filter>Interops\Engine\Models\Characters\FacialAnimation</Filter>
    </ClInclude>
    <ClInclude Include="Interops\FaceState.h">
      <Filter>Interops\Engine\Models\Characters\FacialAnimation</Filter>
    </ClInclude>
    <ClInclude Include="Interops\CMesh.h">
      <Filter>Interops\Engine\Models\StaticObjects</Filter>
    </ClInclude>
    <ClInclude Include="Interops\IndexedMesh.h">
      <Filter>Interops\Engine\Models\StaticObjects</Filter>
    </ClInclude>
    <ClInclude Include="Interops\RenderMesh.h">
      <Filter>Interops\Engine\Models\StaticObjects</Filter>
    </ClInclude>
    <ClInclude Include="Interops\StaticObject.h">
      <Filter>Interops\Engine\Models\StaticObjects</Filter>
    </ClInclude>
    <ClInclude Include="Interops\StaticSubObject.h">
      <Filter>Interops\Engine\Models\StaticObjects</Filter>
    </ClInclude>
    <ClInclude Include="Interops\AnimationSet.h">
      <Filter>Interops\Engine\Models\Characters\SimpleAnimation</Filter>
    </ClInclude>
    <ClInclude Include="Interops\Character.h">
      <Filter>Interops\Engine\Models\Characters\SimpleAnimation</Filter>
    </ClInclude>
    <ClInclude Include="Interops\CharacterAnimation.h">
      <Filter>Interops\Engine\Models\Characters\SimpleAnimation</Filter>
    </ClInclude>
    <ClInclude Include="Interops\CharacterSkin.h">
      <Filter>Interops\Engine\Models\Characters\SimpleAnimation</Filter>
    </ClInclude>
    <ClInclude Include="Interops\DefaultSkeleton.h">
      <Filter>Interops\Engine\Models\Characters\SimpleAnimation</Filter>
    </ClInclude>
    <ClInclude Include="Interops\MonoAnimationEvent.h">
      <Filter>Interops\Engine\Models\Characters\SimpleAnimation</Filter>
    </ClInclude>
    <ClInclude Include="Interops\ParametricSampler.h">
      <Filter>Interops\Engine\Models\Characters\SimpleAnimation</Filter>
    </ClInclude>
    <ClInclude Include="Interops\SkeletonAnimation.h">
      <Filter>Interops\Engine\Models\Characters\SimpleAnimation</Filter>
    </ClInclude>
    <ClInclude Include="Interops\SkeletonPose.h">
      <Filter>Interops\Engine\Models\Characters\SimpleAnimation</Filter>
    </ClInclude>
    <ClInclude Include="Interops\PhonemeLibrary.h">
      <Filter>Interops\Engine\Models\Characters\FacialAnimation</Filter>
    </ClInclude>
    <ClInclude Include="Interops\FacialSentence.h">
      <Filter>Interops\Engine\Models\Characters\FacialAnimation</Filter>
    </ClInclude>
    <ClInclude Include="Interops\FacialAnimationChannel.h">
      <Filter>Interops\Engine\Models\Characters\FacialAnimation</Filter>
    </ClInclude>
    <ClInclude Include="Interops\FacialAnimationSoundEntry.h">
      <Filter>Interops\Engine\Models\Characters\FacialAnimation</Filter>
    </ClInclude>
    <ClInclude Include="Interops\FacialAnimationSequence.h">
      <Filter>Interops\Engine\Models\Characters\FacialAnimation</Filter>
    </ClInclude>
    <ClInclude Include="Interops\FacialAnimationSkeletonAnimationEntry.h">
      <Filter>Interops\Engine\Models\Characters\FacialAnimation</Filter>
    </ClInclude>
    <ClInclude Include="Interops\MergingUtility.h">
      <Filter>Interops\Engine\Models\Characters\FacialAnimation</Filter>
    </ClInclude>
    <ClInclude Include="Interops\Face.h">
      <Filter>Interops\Engine\Models\Characters\FacialAnimation</Filter>
    </ClInclude>
    <ClInclude Include="Interops\FacialAnimation.h">
      <Filter>Interops\Engine\Models\Characters\FacialAnimation</Filter>
    </ClInclude>
    <ClInclude Include="Interops\AttachmentManager.h">
      <Filter>Interops\Engine\Models\Characters\Attachments</Filter>
    </ClInclude>
    <ClInclude Include="Interops\AttachedObjectsCommons.h">
      <Filter>Interops\Engine\Models\Characters\Attachments</Filter>
    </ClInclude>
    <ClInclude Include="Interops\DynArrayToMonoArray.h">
      <Filter>Interops\Utilities</Filter>
    </ClInclude>
    <ClInclude Include="Interops\AttachmentRowSimulationParameters.h">
      <Filter>Interops\Engine\Models\Characters\Attachments</Filter>
    </ClInclude>
    <ClInclude Include="Interops\AttachmentSimulationParameters.h">
      <Filter>Interops\Engine\Models\Characters\Attachments</Filter>
    </ClInclude>
    <ClInclude Include="Interops\AttachmentSocket.h">
      <Filter>Interops\Engine\Models\Characters\Attachments</Filter>
    </ClInclude>
    <ClInclude Include="Interops\AttachmentSkin.h">
      <Filter>Interops\Engine\Models\Characters\Attachments</Filter>
    </ClInclude>
    <ClInclude Include="Interops\AttachmentProxy.h">
      <Filter>Interops\Engine\Models\Characters\Attachments</Filter>
    </ClInclude>
    <ClInclude Include="Interops\AudioSystem.h">
      <Filter>Interops\Engine\Audio</Filter>
    </ClInclude>
    <ClInclude Include="Interops\CryAudioProxy.h">
      <Filter>Interops\Engine\Audio</Filter>
    </ClInclude>
    <ClInclude Include="Interops\Decal.h">
      <Filter>Interops\Engine\Effects</Filter>
    </ClInclude>
    <ClInclude Include="Interops\MonoDecalInfo.h">
      <Filter>Interops\Engine\Effects</Filter>
    </ClInclude>
    <ClInclude Include="Interops\CryEntityAreaProxy.h">
      <Filter>Interops\Engine\Logic\Proxies</Filter>
    </ClInclude>
    <ClInclude Include="Interops\CryEntityCameraProxy.h">
      <Filter>Interops\Engine\Logic\Proxies</Filter>
    </ClInclude>
    <ClInclude Include="Interops\CryEntityPhysicalProxy.h">
      <Filter>Interops\Engine\Logic\Proxies</Filter>
    </ClInclude>
    <ClInclude Include="Interops\CryEntityRenderProxy.h">
      <Filter>Interops\Engine\Logic\Proxies</Filter>
    </ClInclude>
    <ClInclude Include="Interops\CryEntityRopeProxy.h">
      <Filter>Interops\Engine\Logic\Proxies</Filter>
    </ClInclude>
    <ClInclude Include="Interops\CryEntitySubstitutionProxy.h">
      <Filter>Interops\Engine\Logic\Proxies</Filter>
    </ClInclude>
    <ClInclude Include="Interops\CryEntityTriggerProxy.h">
      <Filter>Interops\Engine\Logic\Proxies</Filter>
    </ClInclude>
    <ClInclude Include="Interops\GameCollisionInfo.h">
      <Filter>Interops\Engine\Logic</Filter>
    </ClInclude>
    <ClInclude Include="Interops\CryEntityProxies.h">
      <Filter>Interops\Engine\Logic\Proxies</Filter>
    </ClInclude>
    <ClInclude Include="Interops\EntityThunkDecls.h">
      <Filter>Interops\Engine\Logic</Filter>
    </ClInclude>
    <ClInclude Include="Interops\MonoGameRules.h">
      <Filter>Interops\Engine\Logic</Filter>
    </ClInclude>
    <ClInclude Include="Interops\GameRules.h">
      <Filter>Interops\Engine\Logic</Filter>
    </ClInclude>
    <ClInclude Include="Interops\PostProcessing.h">
      <Filter>Interops\Engine\Rendering</Filter>
    </ClInclude>
    <ClInclude Include="Interops\CryView.h">
      <Filter>Interops\Engine\Rendering\Views</Filter>
    </ClInclude>
    <ClInclude Include="Interops\ViewController.h">
      <Filter>Interops\Engine\Rendering\Views</Filter>
    </ClInclude>
    <ClInclude Include="Interops\SystemEvents.h">
      <Filter>Interops\Engine</Filter>
    </ClInclude>
    <ClInclude Include="Interops\ChannelId.h">
      <Filter>Interops\Engine\Network</Filter>
    </ClInclude>
    <ClInclude Include="Interops\CryNetChannel.h">
      <Filter>Interops\Engine\Network</Filter>
    </ClInclude>
    <ClInclude Include="DebugHelpers.h" />
    <ClInclude Include="Interops\MathHelpers.h">
      <Filter>Interops\Math</Filter>
    </ClInclude>
    <ClInclude Include="Interops\BatchOps.h">
      <Filter>Interops\Math</Filter>
    </ClInclude>
    <ClInclude Include="Interops\MeshOps.h">
      <Filter>Interops\Math</Filter>
    </ClInclude>
    <ClInclude Include="Interops\ActionMapHandler.h">
      <Filter>Interops\Engine\Input</Filter>
    </ClInclude>
    <ClInclude Include="Interops\ActionInputSpecification.h">
      <Filter>Interops\Engine\Input</Filter>
    </ClInclude>
    <ClInclude Include="Interops\ActionMaps.h">
      <Filter>Interops\Engine\Input</Filter>
    </ClInclude>
    <ClInclude Include="Interops\CryActionMap.h">
      <Filter>Interops\Engine\Input</Filter>
    </ClInclude>
    <ClInclude Include="Interops\CryInputAction.h">
      <Filter>Interops\Engine\Input</Filter>
    </ClInclude>
    <ClInclude Include="Text.h">
      <Filter>Extras</Filter>
    </ClInclude>
    <ClInclude Include="Interops\CryEntityAudioProxy.h">
      <Filter>Interops\Engine\Logic\Proxies</Filter>
    </ClInclude>
    <ClInclude Include="Interops\MonoParticleSpawnParameters.h">
      <Filter>Interops\Engine\Effects</Filter>
    </ClInclude>
    <ClInclude Include="Interops\MeshObject.h">
      <Filter>Interops\Engine\Models</Filter>
    </ClInclude>
  </ItemGroup>
  <ItemGroup>
    <ClCompile Include="stdafx.cpp" />
    <ClCompile Include="dllmain.cpp" />
    <ClCompile Include="CryEngineInterface.cpp" />
    <ClCompile Include="RunTime\DebugEventReporter.cpp">
      <Filter>RunTime</Filter>
    </ClCompile>
    <ClCompile Include="RunTime\EventBroadcaster.cpp">
      <Filter>RunTime</Filter>
    </ClCompile>
    <ClCompile Include="RunTime\MonoInterface.cpp">
      <Filter>RunTime</Filter>
    </ClCompile>
    <ClCompile Include="ThunkTables.cpp" />
    <ClCompile Include="Engine\DirectoryStructure.cpp">
      <Filter>Engine</Filter>
    </ClCompile>
    <ClCompile Include="Geometry\FaceMesh.cpp">
      <Filter>Geometry</Filter>
    </ClCompile>
    <ClCompile Include="Geometry\BspNode.cpp">
      <Filter>Geometry\CSG</Filter>
    </ClCompile>
    <ClCompile Include="Interops\CryMarshal.cpp">
      <Filter>Interops</Filter>
    </ClCompile>
    <ClCompile Include="Testing\TestStart.cpp">
      <Filter>Testing</Filter>
    </ClCompile>
    <ClCompile Include="Implementation\MonoAssembly.cpp">
      <Filter>Implementations\Metadata</Filter>
    </ClCompile>
    <ClCompile Include="Implementation\MonoClass.cpp">
      <Filter>Implementations\Metadata</Filter>
    </ClCompile>
    <ClCompile Include="Implementation\MonoEvent.cpp">
      <Filter>Implementations\Metadata</Filter>
    </ClCompile>
    <ClCompile Include="Implementation\MonoMethod.cpp">
      <Filter>Implementations\Metadata</Filter>
    </ClCompile>
    <ClCompile Include="Implementation\MonoProperty.cpp">
      <Filter>Implementations\Metadata</Filter>
    </ClCompile>
    <ClCompile Include="Implementation\DefaultBoxinator.cpp">
      <Filter>Implementations\ObjectSystems</Filter>
    </ClCompile>
    <ClCompile Include="Implementation\MonoArrays.cpp">
      <Filter>Implementations\ObjectSystems</Filter>
    </ClCompile>
    <ClCompile Include="Implementation\MonoDelegates.cpp">
      <Filter>Implementations\ObjectSystems</Filter>
    </ClCompile>
    <ClCompile Include="Implementation\MonoExceptions.cpp">
      <Filter>Implementations\ObjectSystems</Filter>
    </ClCompile>
    <ClCompile Include="Implementation\MonoObjects.cpp">
      <Filter>Implementations\ObjectSystems</Filter>
    </ClCompile>
    <ClCompile Include="Implementation\MonoTexts.cpp">
      <Filter>Implementations\ObjectSystems</Filter>
    </ClCompile>
    <ClCompile Include="Implementation\MonoThreads.cpp">
      <Filter>Implementations\ObjectSystems</Filter>
    </ClCompile>
    <ClCompile Include="Implementation\MonoConstructor.cpp">
      <Filter>Implementations\Metadata</Filter>
    </ClCompile>
    <ClCompile Include="Implementation\AssemblyUtilities.cpp">
      <Filter>Implementations\Metadata</Filter>
    </ClCompile>
    <ClCompile Include="Implementation\MonoCoreLibrary.cpp">
      <Filter>Implementations\Metadata</Filter>
    </ClCompile>
    <ClCompile Include="Implementation\MonoAssemblies.cpp">
      <Filter>Implementations\Metadata</Filter>
    </ClCompile>
    <ClCompile Include="Implementation\Cryambly.cpp">
      <Filter>Implementations\Metadata</Filter>
    </ClCompile>
    <ClCompile Include="Implementation\MonoField.cpp">
      <Filter>Implementations\Metadata</Filter>
    </ClCompile>
    <ClCompile Include="Implementation\MonoStaticMethod.cpp">
      <Filter>Implementations\Metadata</Filter>
    </ClCompile>
    <ClCompile Include="Implementation\MonoFunctions.cpp">
      <Filter>Implementations\Metadata</Filter>
    </ClCompile>
    <ClCompile Include="Interops\MouseInterop.cpp">
      <Filter>Interops\Engine\Input</Filter>
    </ClCompile>
    <ClCompile Include="Interops\InputInterop.cpp">
      <Filter>Interops\Engine\Input</Filter>
    </ClCompile>
    <ClCompile Include="Interops\LogPosting.cpp">
      <Filter>Interops\Engine</Filter>
    </ClCompile>
    <ClCompile Include="Interops\Console.cpp">
      <Filter>Interops\Engine\Console</Filter>
    </ClCompile>
    <ClCompile Include="Interops\ConsoleVariable.cpp">
      <Filter>Interops\Engine\Console</Filter>
    </ClCompile>
    <ClCompile Include="Interops\DebugDraw.cpp">
      <Filter>Interops\Engine\Debug</Filter>
    </ClCompile>
    <ClCompile Include="Interops\Profiling.cpp">
      <Filter>Interops\Engine\Debug</Filter>
    </ClCompile>
    <ClCompile Include="Interops\Timing.cpp">
      <Filter>Interops\Engine</Filter>
    </ClCompile>
    <ClCompile Include="Interops\ArchiveStream.cpp">
      <Filter>Interops\Engine\Files</Filter>
    </ClCompile>
    <ClCompile Include="Interops\CryArchive.cpp">
      <Filter>Interops\Engine\Files</Filter>
    </ClCompile>
    <ClCompile Include="Interops\Aliases.cpp">
      <Filter>Interops\Engine\Files</Filter>
    </ClCompile>
    <ClCompile Include="Interops\CryFiles.cpp">
      <Filter>Interops\Engine\Files</Filter>
    </ClCompile>
    <ClCompile Include="Interops\CryPak.cpp">
      <Filter>Interops\Engine\Files</Filter>
    </ClCompile>
    <ClCompile Include="Interops\AuxiliaryGeometry.cpp">
      <Filter>Interops\Engine\Debug</Filter>
    </ClCompile>
    <ClCompile Include="Interops\Renderer.cpp">
      <Filter>Interops\Engine\Rendering</Filter>
    </ClCompile>
    <ClCompile Include="Interops\Texture.cpp">
      <Filter>Interops\Engine\Rendering</Filter>
    </ClCompile>
    <ClCompile Include="Interops\CryFont.cpp">
      <Filter>Interops\Engine\Rendering</Filter>
    </ClCompile>
    <ClCompile Include="Interops\Locale.cpp">
      <Filter>Interops\Engine\Localization</Filter>
    </ClCompile>
    <ClCompile Include="Interops\LevelSystem.cpp">
      <Filter>Interops\Engine\CryAction</Filter>
    </ClCompile>
    <ClCompile Include="Interops\Level.cpp">
      <Filter>Interops\Engine\CryAction</Filter>
    </ClCompile>
    <ClCompile Include="Interops\Levels.cpp">
      <Filter>Interops\Engine\CryAction</Filter>
    </ClCompile>
    <ClCompile Include="Interops\CryXmlNode.cpp">
      <Filter>Interops\Utilities</Filter>
    </ClCompile>
    <ClCompile Include="Interops\Materials.cpp">
      <Filter>Interops\Engine\Rendering</Filter>
    </ClCompile>
    <ClCompile Include="Interops\GeneralExtensions.cpp">
      <Filter>Interops\Utilities</Filter>
    </ClCompile>
    <ClCompile Include="Interops\Shading.cpp">
      <Filter>Interops\Engine\Rendering</Filter>
    </ClCompile>
    <ClCompile Include="Interops\MaterialLayers.cpp">
      <Filter>Interops\Engine\Rendering</Filter>
    </ClCompile>
    <ClCompile Include="Interops\SurfaceTypes.cpp">
      <Filter>Interops\Engine\Physics</Filter>
    </ClCompile>
    <ClCompile Include="Interops\StackString.cpp">
      <Filter>Interops\Utilities</Filter>
    </ClCompile>
    <ClCompile Include="Interops\ParticleEffect.cpp">
      <Filter>Interops\Engine\Effects</Filter>
    </ClCompile>
    <ClCompile Include="Interops\ParticleEmitter.cpp">
      <Filter>Interops\Engine\Effects</Filter>
    </ClCompile>
    <ClCompile Include="Interops\ParticleParameters.cpp">
      <Filter>Interops\Engine\Effects</Filter>
    </ClCompile>
    <ClCompile Include="Interops\ParticleEffectIterator.cpp">
      <Filter>Interops\Engine\Effects</Filter>
    </ClCompile>
    <ClCompile Include="Interops\Spline.cpp">
      <Filter>Interops\Utilities</Filter>
    </ClCompile>
    <ClCompile Include="Interops\CrySync.cpp">
      <Filter>Interops\Engine</Filter>
    </ClCompile>
    <ClCompile Include="Interops\TimeOfDay.cpp">
      <Filter>Interops\Engine\Environment</Filter>
    </ClCompile>
    <ClCompile Include="Interops\Ocean.cpp">
      <Filter>Interops\Engine\Environment</Filter>
    </ClCompile>
    <ClCompile Include="Interops\Terrain.cpp">
      <Filter>Interops\Engine\Environment</Filter>
    </ClCompile>
    <ClCompile Include="Interops\MonoFlowNode.cpp">
      <Filter>Interops\Engine\Logic</Filter>
    </ClCompile>
    <ClCompile Include="Interops\FlowGraph.cpp">
      <Filter>Interops\Engine\Logic</Filter>
    </ClCompile>
    <ClCompile Include="Interops\MonoFlowNodeFactory.cpp">
      <Filter>Interops\Engine\Logic</Filter>
    </ClCompile>
    <ClCompile Include="Interops\Entity.cpp">
      <Filter>Interops\Engine\Logic</Filter>
    </ClCompile>
    <ClCompile Include="Interops\EntityExtension.cpp">
      <Filter>Interops\Engine\Logic</Filter>
    </ClCompile>
    <ClCompile Include="Interops\EntityClass.cpp">
      <Filter>Interops\Engine\Logic</Filter>
    </ClCompile>
    <ClCompile Include="Interops\Game.cpp">
      <Filter>Interops</Filter>
    </ClCompile>
    <ClCompile Include="TypeMapChecks\RenderParameters.cpp">
      <Filter>TypeMapChecks</Filter>
    </ClCompile>
    <ClCompile Include="TypeMapChecks\DynamicLightFlags.cpp">
      <Filter>TypeMapChecks</Filter>
    </ClCompile>
    <ClCompile Include="Interops\LightSource.cpp">
      <Filter>Interops\Engine\Rendering\Lighting</Filter>
    </ClCompile>
    <ClCompile Include="Interops\PhysicalWorld.cpp">
      <Filter>Interops\Engine\Physics</Filter>
    </ClCompile>
    <ClCompile Include="Interops\PhysicalEntity.cpp">
      <Filter>Interops\Engine\Physics</Filter>
    </ClCompile>
    <ClCompile Include="Interops\Lattice.cpp">
      <Filter>Interops\Engine\Physics</Filter>
    </ClCompile>
    <ClCompile Include="TypeMapChecks\StridedPointer.cpp">
      <Filter>TypeMapChecks</Filter>
    </ClCompile>
    <ClCompile Include="Interops\IGeometry.cpp">
      <Filter>Interops\Engine\Physics</Filter>
    </ClCompile>
    <ClCompile Include="Interops\WriteLockCond.cpp">
      <Filter>Interops\Utilities</Filter>
    </ClCompile>
    <ClCompile Include="Interops\PhysicalBody.cpp">
      <Filter>Interops\Engine\Physics</Filter>
    </ClCompile>
    <ClCompile Include="Interops\Ray.cpp">
      <Filter>Interops\Engine\Physics</Filter>
    </ClCompile>
    <ClCompile Include="TypeMapChecks\ResRefreshFlags.cpp">
      <Filter>TypeMapChecks</Filter>
    </ClCompile>
    <ClCompile Include="TypeMapChecks\StaticObjectStuff.cpp">
      <Filter>TypeMapChecks</Filter>
    </ClCompile>
    <ClCompile Include="TypeMapChecks\MeshTypes.cpp">
      <Filter>TypeMapChecks</Filter>
    </ClCompile>
    <ClCompile Include="TypeMapChecks\DynamicArray.cpp">
      <Filter>TypeMapChecks</Filter>
    </ClCompile>
    <ClCompile Include="TypeMapChecks\VertexFormatsAndPips.cpp">
      <Filter>TypeMapChecks</Filter>
    </ClCompile>
    <ClCompile Include="TypeMapChecks\CharacterTypes.cpp">
      <Filter>TypeMapChecks</Filter>
    </ClCompile>
    <ClCompile Include="Interops\FacialEffectorController.cpp">
      <Filter>Interops\Engine\Models\Characters\FacialAnimation</Filter>
    </ClCompile>
    <ClCompile Include="Interops\FacialEffector.cpp">
      <Filter>Interops\Engine\Models\Characters\FacialAnimation</Filter>
    </ClCompile>
    <ClCompile Include="Interops\CustomMarshaling.cpp">
      <Filter>Interops\Utilities</Filter>
    </ClCompile>
    <ClCompile Include="Interops\FaceIdentifier.cpp">
      <Filter>Interops\Engine\Models\Characters\FacialAnimation</Filter>
    </ClCompile>
    <ClCompile Include="Interops\FacialEffectorsLibrary.cpp">
      <Filter>Interops\Engine\Models\Characters\FacialAnimation</Filter>
    </ClCompile>
    <ClCompile Include="Interops\FacialModel.cpp">
      <Filter>Interops\Engine\Models\Characters\FacialAnimation</Filter>
    </ClCompile>
    <ClCompile Include="Interops\FaceState.cpp">
      <Filter>Interops\Engine\Models\Characters\FacialAnimation</Filter>
    </ClCompile>
    <ClCompile Include="Interops\CMesh.cpp">
      <Filter>Interops\Engine\Models\StaticObjects</Filter>
    </ClCompile>
    <ClCompile Include="Interops\IndexedMesh.cpp">
      <Filter>Interops\Engine\Models\StaticObjects</Filter>
    </ClCompile>
    <ClCompile Include="Interops\RenderMesh.cpp">
      <Filter>Interops\Engine\Models\StaticObjects</Filter>
    </ClCompile>
    <ClCompile Include="Interops\StaticObject.cpp">
      <Filter>Interops\Engine\Models\StaticObjects</Filter>
    </ClCompile>
    <ClCompile Include="Interops\StaticSubObject.cpp">
      <Filter>Interops\Engine\Models\StaticObjects</Filter>
    </ClCompile>
    <ClCompile Include="Interops\AnimationSet.cpp">
      <Filter>Interops\Engine\Models\Characters\SimpleAnimation</Filter>
    </ClCompile>
    <ClCompile Include="Interops\Character.cpp">
      <Filter>Interops\Engine\Models\Characters\SimpleAnimation</Filter>
    </ClCompile>
    <ClCompile Include="Interops\CharacterAnimation.cpp">
      <Filter>Interops\Engine\Models\Characters\SimpleAnimation</Filter>
    </ClCompile>
    <ClCompile Include="Interops\CharacterSkin.cpp">
      <Filter>Interops\Engine\Models\Characters\SimpleAnimation</Filter>
    </ClCompile>
    <ClCompile Include="Interops\DefaultSkeleton.cpp">
      <Filter>Interops\Engine\Models\Characters\SimpleAnimation</Filter>
    </ClCompile>
    <ClCompile Include="Interops\MonoAnimationEvent.cpp">
      <Filter>Interops\Engine\Models\Characters\SimpleAnimation</Filter>
    </ClCompile>
    <ClCompile Include="Interops\ParametricSampler.cpp">
      <Filter>Interops\Engine\Models\Characters\SimpleAnimation</Filter>
    </ClCompile>
    <ClCompile Include="Interops\SkeletonAnimation.cpp">
      <Filter>Interops\Engine\Models\Characters\SimpleAnimation</Filter>
    </ClCompile>
    <ClCompile Include="Interops\SkeletonPose.cpp">
      <Filter>Interops\Engine\Models\Characters\SimpleAnimation</Filter>
    </ClCompile>
    <ClCompile Include="Interops\PhonemeLibrary.cpp">
      <Filter>Interops\Engine\Models\Characters\FacialAnimation</Filter>
    </ClCompile>
    <ClCompile Include="Interops\FacialSentence.cpp">
      <Filter>Interops\Engine\Models\Characters\FacialAnimation</Filter>
    </ClCompile>
    <ClCompile Include="Interops\FacialAnimationChannel.cpp">
      <Filter>Interops\Engine\Models\Characters\FacialAnimation</Filter>
    </ClCompile>
    <ClCompile Include="Interops\FacialAnimationSequence.cpp">
      <Filter>Interops\Engine\Models\Characters\FacialAnimation</Filter>
    </ClCompile>
    <ClCompile Include="Interops\FacialAnimationSkeletonAnimationEntry.cpp">
      <Filter>Interops\Engine\Models\Characters\FacialAnimation</Filter>
    </ClCompile>
    <ClCompile Include="Interops\FacialAnimationSoundEntry.cpp">
      <Filter>Interops\Engine\Models\Characters\FacialAnimation</Filter>
    </ClCompile>
    <ClCompile Include="Interops\Face.cpp">
      <Filter>Interops\Engine\Models\Characters\FacialAnimation</Filter>
    </ClCompile>
    <ClCompile Include="Interops\FacialAnimation.cpp">
      <Filter>Interops\Engine\Models\Characters\FacialAnimation</Filter>
    </ClCompile>
    <ClCompile Include="Interops\AttachmentManager.cpp">
      <Filter>Interops\Engine\Models\Characters\Attachments</Filter>
    </ClCompile>
    <ClCompile Include="Interops\AttachedObjectsCommons.cpp">
      <Filter>Interops\Engine\Models\Characters\Attachments</Filter>
    </ClCompile>
    <ClCompile Include="TypeMapChecks\CryName.cpp">
      <Filter>TypeMapChecks</Filter>
    </ClCompile>
    <ClCompile Include="Interops\AttachmentRowSimulationParameters.cpp">
      <Filter>Interops\Engine\Models\Characters\Attachments</Filter>
    </ClCompile>
    <ClCompile Include="Interops\AttachmentSimulationParameters.cpp">
      <Filter>Interops\Engine\Models\Characters\Attachments</Filter>
    </ClCompile>
    <ClCompile Include="Interops\AttachmentSocket.cpp">
      <Filter>Interops\Engine\Models\Characters\Attachments</Filter>
    </ClCompile>
    <ClCompile Include="Interops\AttachmentSkin.cpp">
      <Filter>Interops\Engine\Models\Characters\Attachments</Filter>
    </ClCompile>
    <ClCompile Include="Interops\AttachmentProxy.cpp">
      <Filter>Interops\Engine\Models\Characters\Attachments</Filter>
    </ClCompile>
    <ClCompile Include="TypeMapChecks\PhysicsTypes.cpp">
      <Filter>TypeMapChecks</Filter>
    </ClCompile>
    <ClCompile Include="TypeMapChecks\InputTypes.cpp">
      <Filter>TypeMapChecks</Filter>
    </ClCompile>
    <ClCompile Include="TypeMapChecks\EntityTypes.cpp">
      <Filter>TypeMapChecks</Filter>
    </ClCompile>
    <ClCompile Include="TypeMapChecks\MathTypes.cpp">
      <Filter>TypeMapChecks</Filter>
    </ClCompile>
    <ClCompile Include="TypeMapChecks\AudioTypes.cpp">
      <Filter>TypeMapChecks</Filter>
    </ClCompile>
    <ClCompile Include="Interops\AudioSystem.cpp">
      <Filter>Interops\Engine\Audio</Filter>
    </ClCompile>
    <ClCompile Include="Interops\CryAudioProxy.cpp">
      <Filter>Interops\Engine\Audio</Filter>
    </ClCompile>
    <ClCompile Include="Interops\Decal.cpp">
      <Filter>Interops\Engine\Effects</Filter>
    </ClCompile>
    <ClCompile Include="TypeMapChecks\EntityProxyTypes.cpp">
      <Filter>TypeMapChecks</Filter>
    </ClCompile>
    <ClCompile Include="Interops\CryEntityAreaProxy.cpp">
      <Filter>Interops\Engine\Logic\Proxies</Filter>
    </ClCompile>
    <ClCompile Include="Interops\CryEntityCameraProxy.cpp">
      <Filter>Interops\Engine\Logic\Proxies</Filter>
    </ClCompile>
    <ClCompile Include="Interops\CryEntityPhysicalProxy.cpp">
      <Filter>Interops\Engine\Logic\Proxies</Filter>
    </ClCompile>
    <ClCompile Include="TypeMapChecks\MaterialTypes.cpp">
      <Filter>TypeMapChecks</Filter>
    </ClCompile>
    <ClCompile Include="Interops\CryEntityRenderProxy.cpp">
      <Filter>Interops\Engine\Logic\Proxies</Filter>
    </ClCompile>
    <ClCompile Include="Interops\CryEntityRopeProxy.cpp">
      <Filter>Interops\Engine\Logic\Proxies</Filter>
    </ClCompile>
    <ClCompile Include="Interops\CryEntitySubstitutionProxy.cpp">
      <Filter>Interops\Engine\Logic\Proxies</Filter>
    </ClCompile>
    <ClCompile Include="Interops\CryEntityTriggerProxy.cpp">
      <Filter>Interops\Engine\Logic\Proxies</Filter>
    </ClCompile>
    <ClCompile Include="TypeMapChecks\RenderNodeTypes.cpp">
      <Filter>TypeMapChecks</Filter>
    </ClCompile>
    <ClCompile Include="TypeMapChecks\GameRulesTypes.cpp">
      <Filter>TypeMapChecks</Filter>
    </ClCompile>
    <ClCompile Include="Interops\GameRulesReg.cpp">
      <Filter>Interops\Engine\Logic</Filter>
    </ClCompile>
    <ClCompile Include="TypeMapChecks\DebugTypes.cpp">
      <Filter>TypeMapChecks</Filter>
    </ClCompile>
    <ClCompile Include="Interops\CryEntityProxies.cpp">
      <Filter>Interops\Engine\Logic\Proxies</Filter>
    </ClCompile>
    <ClCompile Include="Interops\MonoGameRules.cpp">
      <Filter>Interops\Engine\Logic</Filter>
    </ClCompile>
    <ClCompile Include="Interops\GameRules.cpp">
      <Filter>Interops\Engine\Logic</Filter>
    </ClCompile>
    <ClCompile Include="Interops\PostProcessing.cpp">
      <Filter>Interops\Engine\Rendering</Filter>
    </ClCompile>
    <ClCompile Include="TypeMapChecks\ViewTypes.cpp">
      <Filter>TypeMapChecks</Filter>
    </ClCompile>
    <ClCompile Include="Interops\CryView.cpp">
      <Filter>Interops\Engine\Rendering\Views</Filter>
    </ClCompile>
    <ClCompile Include="Interops\ViewController.cpp">
      <Filter>Interops\Engine\Rendering\Views</Filter>
    </ClCompile>
    <ClCompile Include="TypeMapChecks\ParticleTypes.cpp">
      <Filter>TypeMapChecks</Filter>
    </ClCompile>
    <ClCompile Include="TypeMapChecks\SystemEvent.cpp">
      <Filter>TypeMapChecks</Filter>
    </ClCompile>
    <ClCompile Include="Interops\SystemEvents.cpp">
      <Filter>Interops\Engine</Filter>
    </ClCompile>
    <ClCompile Include="Interops\ChannelId.cpp">
      <Filter>Interops\Engine\Network</Filter>
    </ClCompile>
    <ClCompile Include="Interops\CryNetChannel.cpp">
      <Filter>Interops\Engine\Network</Filter>
    </ClCompile>
    <ClCompile Include="Testing\TestAssemblies.cpp">
      <Filter>Testing</Filter>
    </ClCompile>
    <ClCompile Include="Testing\TestClasses.cpp">
      <Filter>Testing</Filter>
    </ClCompile>
    <ClCompile Include="Testing\TestObjects.cpp">
      <Filter>Testing</Filter>
    </ClCompile>
    <ClCompile Include="Interops\MathHelpers.cpp">
      <Filter>Interops\Math</Filter>
    </ClCompile>
    <ClCompile Include="Interops\BatchOps.cpp">
      <Filter>Interops\Math</Filter>
    </ClCompile>
    <ClCompile Include="Interops\MeshOps.cpp">
      <Filter>Interops\Math</Filter>
    </ClCompile>
    <ClCompile Include="Interops\ActionMapHandler.cpp">
      <Filter>Interops\Engine\Input</Filter>
    </ClCompile>
    <ClCompile Include="Interops\ActionInputSpecification.cpp">
      <Filter>Interops\Engine\Input</Filter>
    </ClCompile>
    <ClCompile Include="Interops\ActionMaps.cpp">
      <Filter>Interops\Engine\Input</Filter>
    </ClCompile>
    <ClCompile Include="Interops\CryActionMap.cpp">
      <Filter>Interops\Engine\Input</Filter>
    </ClCompile>
    <ClCompile Include="Interops\CryInputAction.cpp">
      <Filter>Interops\Engine\Input</Filter>
    </ClCompile>
    <ClCompile Include="Interops\CryEntityAudioProxy.cpp">
      <Filter>Interops\Engine\Logic\Proxies</Filter>
    </ClCompile>
    <ClCompile Include="Interops\MeshObject.cpp">
      <Filter>Interops\Engine\Models</Filter>
    </ClCompile>
  </ItemGroup>
  <ItemGroup>
    <Filter Include="RunTime">
      <UniqueIdentifier>{e2ee4c03-67d6-4f57-af76-8dade3308e6a}</UniqueIdentifier>
    </Filter>
    <Filter Include="Engine">
      <UniqueIdentifier>{6d43e627-7057-4f40-96ab-7d1d74aeb89a}</UniqueIdentifier>
    </Filter>
    <Filter Include="DoxygenExampleFiles">
      <UniqueIdentifier>{4557b354-379b-4996-9dba-b5f2d17b2361}</UniqueIdentifier>
    </Filter>
    <Filter Include="DoxygenExampleFiles\CryCIL Listeners">
      <UniqueIdentifier>{27cf2fe1-cbeb-45e3-b1b6-cbccf8fa70e6}</UniqueIdentifier>
    </Filter>
    <Filter Include="DoxygenExampleFiles\CryCIL Listeners\Native Listener">
      <UniqueIdentifier>{070c92e2-ff70-4de7-86ca-40ae83b1822a}</UniqueIdentifier>
    </Filter>
    <Filter Include="Interops">
      <UniqueIdentifier>{1c90796d-b96b-4963-ab46-d46e1870d1ba}</UniqueIdentifier>
    </Filter>
    <Filter Include="Extras">
      <UniqueIdentifier>{f44796b6-9fe3-48e5-818f-da1710a517f8}</UniqueIdentifier>
    </Filter>
    <Filter Include="Geometry">
      <UniqueIdentifier>{d237f4d3-e125-4af6-882e-651c4ff56d1e}</UniqueIdentifier>
    </Filter>
    <Filter Include="Geometry\CSG">
      <UniqueIdentifier>{67eb667a-ed91-4f9f-ae3b-c058368e6f28}</UniqueIdentifier>
    </Filter>
    <Filter Include="Interfaces">
      <UniqueIdentifier>{cc0739a3-eb94-42bc-a29f-b38e51c80ef0}</UniqueIdentifier>
    </Filter>
    <Filter Include="Interfaces\GC">
      <UniqueIdentifier>{b78cf68c-51b5-48cb-a494-a220e5bc783b}</UniqueIdentifier>
    </Filter>
    <Filter Include="Interfaces\ObjectSystems">
      <UniqueIdentifier>{dda76e2c-1c61-4148-8894-9a2d086dd170}</UniqueIdentifier>
    </Filter>
    <Filter Include="Interfaces\Objects">
      <UniqueIdentifier>{e5fdb665-c153-480e-9664-79bd3bc98f23}</UniqueIdentifier>
    </Filter>
    <Filter Include="Testing">
      <UniqueIdentifier>{1cc2efef-80dd-4230-9c0d-19ce5ae0fe74}</UniqueIdentifier>
    </Filter>
    <Filter Include="MonoDefinitionFiles">
      <UniqueIdentifier>{18769465-294b-4e7a-a900-4c87e99bd0e2}</UniqueIdentifier>
    </Filter>
    <Filter Include="Interfaces\Metadata">
      <UniqueIdentifier>{122a0562-3097-41c5-a5a1-9a40b464e38e}</UniqueIdentifier>
    </Filter>
    <Filter Include="Interops\Engine">
      <UniqueIdentifier>{a7ad318d-426d-44e5-b201-dbc7ccc1bf34}</UniqueIdentifier>
    </Filter>
    <Filter Include="Interops\Engine\Input">
      <UniqueIdentifier>{f622504e-52a4-4881-919f-863522544f93}</UniqueIdentifier>
    </Filter>
    <Filter Include="Interops\Engine\Console">
      <UniqueIdentifier>{8c3566fe-c8d3-409c-bac2-a55104a890cb}</UniqueIdentifier>
    </Filter>
    <Filter Include="Interops\Engine\Debug">
      <UniqueIdentifier>{2077e220-9d9d-4c66-a30d-669b72bc92f2}</UniqueIdentifier>
    </Filter>
    <Filter Include="Interops\Engine\Files">
      <UniqueIdentifier>{3a6ddda5-3d06-4d4f-bae3-1e4149c25bf2}</UniqueIdentifier>
    </Filter>
    <Filter Include="Interops\Engine\Rendering">
      <UniqueIdentifier>{149d9224-10a2-4050-9865-6da2c0ef52ba}</UniqueIdentifier>
    </Filter>
    <Filter Include="Interops\Engine\Localization">
      <UniqueIdentifier>{0736572b-6efb-42de-88f9-3880c77b982f}</UniqueIdentifier>
    </Filter>
    <Filter Include="Interops\Engine\CryAction">
      <UniqueIdentifier>{732d8bae-c3ce-41af-ad3f-76c0ce6b01dc}</UniqueIdentifier>
    </Filter>
    <Filter Include="Implementations">
      <UniqueIdentifier>{824c2f39-8cc3-49b9-bce6-ffeb58467c65}</UniqueIdentifier>
    </Filter>
    <Filter Include="Implementations\GC">
      <UniqueIdentifier>{862fc339-126f-4c3f-b822-69b6b10a086f}</UniqueIdentifier>
    </Filter>
    <Filter Include="Implementations\Metadata">
      <UniqueIdentifier>{b8aa9f55-c289-42f6-b2c7-1c035c3fddbb}</UniqueIdentifier>
    </Filter>
    <Filter Include="Implementations\ObjectSystems">
      <UniqueIdentifier>{9e12d853-cbb0-41e7-b814-b2838d42f009}</UniqueIdentifier>
    </Filter>
    <Filter Include="Interops\Utilities">
      <UniqueIdentifier>{404a7fcc-92d1-494e-bf75-135766a2ba61}</UniqueIdentifier>
    </Filter>
    <Filter Include="Interops\Engine\Physics">
      <UniqueIdentifier>{a3406974-2b23-4a2c-9bad-d4e8971f9f8e}</UniqueIdentifier>
    </Filter>
    <Filter Include="Interops\Engine\Effects">
      <UniqueIdentifier>{549c0184-7eab-435d-9f14-81fe17b88807}</UniqueIdentifier>
    </Filter>
    <Filter Include="Interops\Engine\Environment">
      <UniqueIdentifier>{f2919e9d-ce00-481e-afc1-c684a5477d7c}</UniqueIdentifier>
    </Filter>
    <Filter Include="Interops\Engine\Logic">
      <UniqueIdentifier>{1678bc4d-2d83-49e4-8cc5-0c0eb8928574}</UniqueIdentifier>
    </Filter>
    <Filter Include="TypeMapChecks">
      <UniqueIdentifier>{8aa0ee2f-cbc4-4f09-b232-cdc5d739d4b7}</UniqueIdentifier>
    </Filter>
    <Filter Include="Interops\Engine\Rendering\Lighting">
      <UniqueIdentifier>{eb5f820d-a1d4-472d-80a1-e8b2f492c1f2}</UniqueIdentifier>
    </Filter>
    <Filter Include="Interops\Engine\Models">
      <UniqueIdentifier>{17e3da0d-a1c1-4018-951c-48194af1667f}</UniqueIdentifier>
    </Filter>
    <Filter Include="Interops\Engine\Models\Characters">
      <UniqueIdentifier>{45e016b3-d283-4e0d-8fa6-122fa699165f}</UniqueIdentifier>
    </Filter>
    <Filter Include="Interops\Engine\Models\Characters\FacialAnimation">
      <UniqueIdentifier>{d2049067-19d0-437b-b952-abaa3435cdee}</UniqueIdentifier>
    </Filter>
    <Filter Include="Interops\Engine\Models\StaticObjects">
      <UniqueIdentifier>{ca233a3f-af78-4780-9a7b-4dc8b6503800}</UniqueIdentifier>
    </Filter>
    <Filter Include="Interops\Engine\Models\Characters\SimpleAnimation">
      <UniqueIdentifier>{893ac42c-6593-4737-b9fc-4be892de8f51}</UniqueIdentifier>
    </Filter>
    <Filter Include="Interops\Engine\Models\Characters\Attachments">
      <UniqueIdentifier>{9cdc558e-b1ef-4b5c-b4fd-acd6e2c78cb4}</UniqueIdentifier>
    </Filter>
    <Filter Include="Interops\Engine\Audio">
      <UniqueIdentifier>{1ab0388a-4f8c-444b-83a4-e5ba30b24ada}</UniqueIdentifier>
    </Filter>
    <Filter Include="Interops\Engine\Logic\Proxies">
      <UniqueIdentifier>{71d07a5f-8097-457d-9a40-79f5f82a64e7}</UniqueIdentifier>
    </Filter>
    <Filter Include="Interops\Engine\Rendering\Nodes">
      <UniqueIdentifier>{ddafdbe9-c6ca-490c-91e2-98cf381f55a9}</UniqueIdentifier>
    </Filter>
    <Filter Include="Interops\Engine\Rendering\Views">
      <UniqueIdentifier>{0ac3188a-6e75-4134-a7af-92ccc6342653}</UniqueIdentifier>
    </Filter>
    <Filter Include="Interops\Engine\Network">
      <UniqueIdentifier>{b4fecaed-4f66-450c-b067-12222fc9ee9d}</UniqueIdentifier>
    </Filter>
    <Filter Include="Interops\Math">
      <UniqueIdentifier>{b4d0ab2b-5709-4e89-a9a4-f55511db1950}</UniqueIdentifier>
    </Filter>
  </ItemGroup>
</Project>