Microsoft Visual Studio Solution File, Format Version 12.00
# Visual Studio 2013
VisualStudioVersion = 12.0.30723.0
MinimumVisualStudioVersion = 10.0.40219.1
Project("{8BC9CEB8-8B4A-11D0-8D11-00A0C91BC942}") = "CryMono", "..\MonoDll\CryMono.vcxproj", "{B41C810B-A08F-4AFD-8E68-D4D7ABA39044}"
	ProjectSection(ProjectDependencies) = postProject
		{4A7993B3-6611-4D9D-B8AB-836D6C27B12B} = {4A7993B3-6611-4D9D-B8AB-836D6C27B12B}
	EndProjectSection
EndProject
Project("{FAE04EC0-301F-11D3-BF4B-00C04F79EFBC}") = "CryBrary", "..\CryBrary\CryBrary.csproj", "{4A7993B3-6611-4D9D-B8AB-836D6C27B12B}"
	ProjectSection(ProjectDependencies) = postProject
		{EFA030F1-B5C6-410D-B217-6F40887CC8A5} = {EFA030F1-B5C6-410D-B217-6F40887CC8A5}
	EndProjectSection
EndProject
Project("{2150E333-8FDC-42A3-9474-1A3956D46DE8}") = "CryENGINE", "CryENGINE", "{B7E82CAA-B45D-4CF5-A700-57B7B3FE4033}"
EndProject
Project("{8BC9CEB8-8B4A-11D0-8D11-00A0C91BC942}") = "CryCommon", "..\..\CryEngine\CryCommon\CryCommon.vcxproj", "{AEB958D4-45CA-478B-BA8E-D0E897CE974B}"
EndProject
Project("{FAE04EC0-301F-11D3-BF4B-00C04F79EFBC}") = "CryBrary.Tests", "..\CryBrary.Tests\CryBrary.Tests.csproj", "{25588172-6725-4C61-8CE5-3799FA125533}"
	ProjectSection(ProjectDependencies) = postProject
		{4A7993B3-6611-4D9D-B8AB-836D6C27B12B} = {4A7993B3-6611-4D9D-B8AB-836D6C27B12B}
	EndProjectSection
EndProject
Project("{2150E333-8FDC-42A3-9474-1A3956D46DE8}") = "Utils", "Utils", "{B329A376-1AD7-4107-84BE-CE94AE958B82}"
EndProject
Project("{FAE04EC0-301F-11D3-BF4B-00C04F79EFBC}") = "pdb2mdb", "..\Utils\pdb2mdb\pdb2mdb.csproj", "{EFA030F1-B5C6-410D-B217-6F40887CC8A5}"
EndProject
Project("{8BC9CEB8-8B4A-11D0-8D11-00A0C91BC942}") = "CryAction", "..\..\CryEngine\CryAction\CryAction.vcxproj", "{498187B3-E46F-45FA-A202-992AE9FDA01A}"
EndProject
Project("{8BC9CEB8-8B4A-11D0-8D11-00A0C91BC942}") = "MonoInterface", "..\MonoInterface\MonoInterface.vcxproj", "{72A32EAB-16AA-4A8C-A36A-2389EAD83AAA}"
EndProject
Project("{FAE04EC0-301F-11D3-BF4B-00C04F79EFBC}") = "Cryambly", "..\Cryambly\Cryambly.csproj", "{46CD6F09-77E9-41AB-B982-B605F8A984BA}"
EndProject
Project("{2150E333-8FDC-42A3-9474-1A3956D46DE8}") = "Old Code", "Old Code", "{04E64523-2132-4DB5-B0C7-B01A064BE332}"
EndProject
Global
	GlobalSection(SolutionConfigurationPlatforms) = preSolution
		Debug|Any CPU = Debug|Any CPU
		Debug|Mixed Platforms = Debug|Mixed Platforms
		Debug|Win32 = Debug|Win32
		Debug|x64 = Debug|x64
		Debug|x86 = Debug|x86
		Performance|Any CPU = Performance|Any CPU
		Performance|Mixed Platforms = Performance|Mixed Platforms
		Performance|Win32 = Performance|Win32
		Performance|x64 = Performance|x64
		Performance|x86 = Performance|x86
		Profile Server Only|Any CPU = Profile Server Only|Any CPU
		Profile Server Only|Mixed Platforms = Profile Server Only|Mixed Platforms
		Profile Server Only|Win32 = Profile Server Only|Win32
		Profile Server Only|x64 = Profile Server Only|x64
		Profile Server Only|x86 = Profile Server Only|x86
		Profile|Any CPU = Profile|Any CPU
		Profile|Mixed Platforms = Profile|Mixed Platforms
		Profile|Win32 = Profile|Win32
		Profile|x64 = Profile|x64
		Profile|x86 = Profile|x86
		Release Server Only|Any CPU = Release Server Only|Any CPU
		Release Server Only|Mixed Platforms = Release Server Only|Mixed Platforms
		Release Server Only|Win32 = Release Server Only|Win32
		Release Server Only|x64 = Release Server Only|x64
		Release Server Only|x86 = Release Server Only|x86
		Release|Any CPU = Release|Any CPU
		Release|Mixed Platforms = Release|Mixed Platforms
		Release|Win32 = Release|Win32
		Release|x64 = Release|x64
		Release|x86 = Release|x86
		UnitTests|Any CPU = UnitTests|Any CPU
		UnitTests|Mixed Platforms = UnitTests|Mixed Platforms
		UnitTests|Win32 = UnitTests|Win32
		UnitTests|x64 = UnitTests|x64
		UnitTests|x86 = UnitTests|x86
	EndGlobalSection
	GlobalSection(ProjectConfigurationPlatforms) = postSolution
		{B41C810B-A08F-4AFD-8E68-D4D7ABA39044}.Debug|Any CPU.ActiveCfg = Debug|Win32
		{B41C810B-A08F-4AFD-8E68-D4D7ABA39044}.Debug|Mixed Platforms.ActiveCfg = Debug|Win32
		{B41C810B-A08F-4AFD-8E68-D4D7ABA39044}.Debug|Mixed Platforms.Build.0 = Debug|Win32
		{B41C810B-A08F-4AFD-8E68-D4D7ABA39044}.Debug|Win32.ActiveCfg = Debug|Win32
		{B41C810B-A08F-4AFD-8E68-D4D7ABA39044}.Debug|Win32.Build.0 = Debug|Win32
		{B41C810B-A08F-4AFD-8E68-D4D7ABA39044}.Debug|x64.ActiveCfg = Debug|x64
		{B41C810B-A08F-4AFD-8E68-D4D7ABA39044}.Debug|x64.Build.0 = Debug|x64
		{B41C810B-A08F-4AFD-8E68-D4D7ABA39044}.Debug|x86.ActiveCfg = Debug|Win32
		{B41C810B-A08F-4AFD-8E68-D4D7ABA39044}.Debug|x86.Build.0 = Debug|Win32
		{B41C810B-A08F-4AFD-8E68-D4D7ABA39044}.Performance|Any CPU.ActiveCfg = Profile|Win32
		{B41C810B-A08F-4AFD-8E68-D4D7ABA39044}.Performance|Mixed Platforms.ActiveCfg = Profile|Win32
		{B41C810B-A08F-4AFD-8E68-D4D7ABA39044}.Performance|Mixed Platforms.Build.0 = Profile|Win32
		{B41C810B-A08F-4AFD-8E68-D4D7ABA39044}.Performance|Win32.ActiveCfg = Profile|Win32
		{B41C810B-A08F-4AFD-8E68-D4D7ABA39044}.Performance|Win32.Build.0 = Profile|Win32
		{B41C810B-A08F-4AFD-8E68-D4D7ABA39044}.Performance|x64.ActiveCfg = Profile|x64
		{B41C810B-A08F-4AFD-8E68-D4D7ABA39044}.Performance|x64.Build.0 = Profile|x64
		{B41C810B-A08F-4AFD-8E68-D4D7ABA39044}.Performance|x86.ActiveCfg = Profile|Win32
		{B41C810B-A08F-4AFD-8E68-D4D7ABA39044}.Performance|x86.Build.0 = Profile|Win32
		{B41C810B-A08F-4AFD-8E68-D4D7ABA39044}.Profile Server Only|Any CPU.ActiveCfg = Profile|Win32
		{B41C810B-A08F-4AFD-8E68-D4D7ABA39044}.Profile Server Only|Mixed Platforms.ActiveCfg = Profile|Win32
		{B41C810B-A08F-4AFD-8E68-D4D7ABA39044}.Profile Server Only|Mixed Platforms.Build.0 = Profile|Win32
		{B41C810B-A08F-4AFD-8E68-D4D7ABA39044}.Profile Server Only|Win32.ActiveCfg = Profile|Win32
		{B41C810B-A08F-4AFD-8E68-D4D7ABA39044}.Profile Server Only|Win32.Build.0 = Profile|Win32
		{B41C810B-A08F-4AFD-8E68-D4D7ABA39044}.Profile Server Only|x64.ActiveCfg = Profile|x64
		{B41C810B-A08F-4AFD-8E68-D4D7ABA39044}.Profile Server Only|x64.Build.0 = Profile|x64
		{B41C810B-A08F-4AFD-8E68-D4D7ABA39044}.Profile Server Only|x86.ActiveCfg = Profile|Win32
		{B41C810B-A08F-4AFD-8E68-D4D7ABA39044}.Profile Server Only|x86.Build.0 = Profile|Win32
		{B41C810B-A08F-4AFD-8E68-D4D7ABA39044}.Profile|Any CPU.ActiveCfg = Profile|Win32
		{B41C810B-A08F-4AFD-8E68-D4D7ABA39044}.Profile|Mixed Platforms.ActiveCfg = Profile|Win32
		{B41C810B-A08F-4AFD-8E68-D4D7ABA39044}.Profile|Mixed Platforms.Build.0 = Profile|Win32
		{B41C810B-A08F-4AFD-8E68-D4D7ABA39044}.Profile|Win32.ActiveCfg = Profile|Win32
		{B41C810B-A08F-4AFD-8E68-D4D7ABA39044}.Profile|Win32.Build.0 = Profile|Win32
		{B41C810B-A08F-4AFD-8E68-D4D7ABA39044}.Profile|x64.ActiveCfg = Profile|x64
		{B41C810B-A08F-4AFD-8E68-D4D7ABA39044}.Profile|x64.Build.0 = Profile|x64
		{B41C810B-A08F-4AFD-8E68-D4D7ABA39044}.Profile|x86.ActiveCfg = Profile|Win32
		{B41C810B-A08F-4AFD-8E68-D4D7ABA39044}.Profile|x86.Build.0 = Profile|Win32
		{B41C810B-A08F-4AFD-8E68-D4D7ABA39044}.Release Server Only|Any CPU.ActiveCfg = Release|Win32
		{B41C810B-A08F-4AFD-8E68-D4D7ABA39044}.Release Server Only|Mixed Platforms.ActiveCfg = Release|Win32
		{B41C810B-A08F-4AFD-8E68-D4D7ABA39044}.Release Server Only|Mixed Platforms.Build.0 = Release|Win32
		{B41C810B-A08F-4AFD-8E68-D4D7ABA39044}.Release Server Only|Win32.ActiveCfg = Release|Win32
		{B41C810B-A08F-4AFD-8E68-D4D7ABA39044}.Release Server Only|Win32.Build.0 = Release|Win32
		{B41C810B-A08F-4AFD-8E68-D4D7ABA39044}.Release Server Only|x64.ActiveCfg = Release|x64
		{B41C810B-A08F-4AFD-8E68-D4D7ABA39044}.Release Server Only|x64.Build.0 = Release|x64
		{B41C810B-A08F-4AFD-8E68-D4D7ABA39044}.Release Server Only|x86.ActiveCfg = Release|Win32
		{B41C810B-A08F-4AFD-8E68-D4D7ABA39044}.Release Server Only|x86.Build.0 = Release|Win32
		{B41C810B-A08F-4AFD-8E68-D4D7ABA39044}.Release|Any CPU.ActiveCfg = Release|Win32
		{B41C810B-A08F-4AFD-8E68-D4D7ABA39044}.Release|Mixed Platforms.ActiveCfg = Release|Win32
		{B41C810B-A08F-4AFD-8E68-D4D7ABA39044}.Release|Mixed Platforms.Build.0 = Release|Win32
		{B41C810B-A08F-4AFD-8E68-D4D7ABA39044}.Release|Win32.ActiveCfg = Release|Win32
		{B41C810B-A08F-4AFD-8E68-D4D7ABA39044}.Release|Win32.Build.0 = Release|Win32
		{B41C810B-A08F-4AFD-8E68-D4D7ABA39044}.Release|x64.ActiveCfg = Release|x64
		{B41C810B-A08F-4AFD-8E68-D4D7ABA39044}.Release|x64.Build.0 = Release|x64
		{B41C810B-A08F-4AFD-8E68-D4D7ABA39044}.Release|x86.ActiveCfg = Release|Win32
		{B41C810B-A08F-4AFD-8E68-D4D7ABA39044}.Release|x86.Build.0 = Release|Win32
		{B41C810B-A08F-4AFD-8E68-D4D7ABA39044}.UnitTests|Any CPU.ActiveCfg = Release|Win32
		{B41C810B-A08F-4AFD-8E68-D4D7ABA39044}.UnitTests|Mixed Platforms.ActiveCfg = Release|Win32
		{B41C810B-A08F-4AFD-8E68-D4D7ABA39044}.UnitTests|Mixed Platforms.Build.0 = Release|Win32
		{B41C810B-A08F-4AFD-8E68-D4D7ABA39044}.UnitTests|Win32.ActiveCfg = Release|Win32
		{B41C810B-A08F-4AFD-8E68-D4D7ABA39044}.UnitTests|Win32.Build.0 = Release|Win32
		{B41C810B-A08F-4AFD-8E68-D4D7ABA39044}.UnitTests|x64.ActiveCfg = Release|x64
		{B41C810B-A08F-4AFD-8E68-D4D7ABA39044}.UnitTests|x64.Build.0 = Release|x64
		{B41C810B-A08F-4AFD-8E68-D4D7ABA39044}.UnitTests|x86.ActiveCfg = Release|Win32
		{B41C810B-A08F-4AFD-8E68-D4D7ABA39044}.UnitTests|x86.Build.0 = Release|Win32
		{4A7993B3-6611-4D9D-B8AB-836D6C27B12B}.Debug|Any CPU.ActiveCfg = Debug|x86
		{4A7993B3-6611-4D9D-B8AB-836D6C27B12B}.Debug|Mixed Platforms.ActiveCfg = Debug|x86
		{4A7993B3-6611-4D9D-B8AB-836D6C27B12B}.Debug|Mixed Platforms.Build.0 = Debug|x86
		{4A7993B3-6611-4D9D-B8AB-836D6C27B12B}.Debug|Win32.ActiveCfg = Debug|x86
		{4A7993B3-6611-4D9D-B8AB-836D6C27B12B}.Debug|Win32.Build.0 = Debug|x86
		{4A7993B3-6611-4D9D-B8AB-836D6C27B12B}.Debug|x64.ActiveCfg = Debug|x64
		{4A7993B3-6611-4D9D-B8AB-836D6C27B12B}.Debug|x64.Build.0 = Debug|x64
		{4A7993B3-6611-4D9D-B8AB-836D6C27B12B}.Debug|x86.ActiveCfg = Debug|x86
		{4A7993B3-6611-4D9D-B8AB-836D6C27B12B}.Debug|x86.Build.0 = Debug|x86
		{4A7993B3-6611-4D9D-B8AB-836D6C27B12B}.Performance|Any CPU.ActiveCfg = Profile|x86
		{4A7993B3-6611-4D9D-B8AB-836D6C27B12B}.Performance|Mixed Platforms.ActiveCfg = Profile|x86
		{4A7993B3-6611-4D9D-B8AB-836D6C27B12B}.Performance|Mixed Platforms.Build.0 = Profile|x86
		{4A7993B3-6611-4D9D-B8AB-836D6C27B12B}.Performance|Win32.ActiveCfg = Profile|x86
		{4A7993B3-6611-4D9D-B8AB-836D6C27B12B}.Performance|Win32.Build.0 = Profile|x86
		{4A7993B3-6611-4D9D-B8AB-836D6C27B12B}.Performance|x64.ActiveCfg = Profile|x64
		{4A7993B3-6611-4D9D-B8AB-836D6C27B12B}.Performance|x64.Build.0 = Profile|x64
		{4A7993B3-6611-4D9D-B8AB-836D6C27B12B}.Performance|x86.ActiveCfg = Profile|x86
		{4A7993B3-6611-4D9D-B8AB-836D6C27B12B}.Performance|x86.Build.0 = Profile|x86
		{4A7993B3-6611-4D9D-B8AB-836D6C27B12B}.Profile Server Only|Any CPU.ActiveCfg = Profile|x86
		{4A7993B3-6611-4D9D-B8AB-836D6C27B12B}.Profile Server Only|Mixed Platforms.ActiveCfg = Profile|x86
		{4A7993B3-6611-4D9D-B8AB-836D6C27B12B}.Profile Server Only|Mixed Platforms.Build.0 = Profile|x86
		{4A7993B3-6611-4D9D-B8AB-836D6C27B12B}.Profile Server Only|Win32.ActiveCfg = Profile|x86
		{4A7993B3-6611-4D9D-B8AB-836D6C27B12B}.Profile Server Only|Win32.Build.0 = Profile|x86
		{4A7993B3-6611-4D9D-B8AB-836D6C27B12B}.Profile Server Only|x64.ActiveCfg = Profile|x64
		{4A7993B3-6611-4D9D-B8AB-836D6C27B12B}.Profile Server Only|x64.Build.0 = Profile|x64
		{4A7993B3-6611-4D9D-B8AB-836D6C27B12B}.Profile Server Only|x86.ActiveCfg = Profile|x86
		{4A7993B3-6611-4D9D-B8AB-836D6C27B12B}.Profile Server Only|x86.Build.0 = Profile|x86
		{4A7993B3-6611-4D9D-B8AB-836D6C27B12B}.Profile|Any CPU.ActiveCfg = Profile|x86
		{4A7993B3-6611-4D9D-B8AB-836D6C27B12B}.Profile|Mixed Platforms.ActiveCfg = Profile|x86
		{4A7993B3-6611-4D9D-B8AB-836D6C27B12B}.Profile|Mixed Platforms.Build.0 = Profile|x86
		{4A7993B3-6611-4D9D-B8AB-836D6C27B12B}.Profile|Win32.ActiveCfg = Profile|x86
		{4A7993B3-6611-4D9D-B8AB-836D6C27B12B}.Profile|Win32.Build.0 = Profile|x86
		{4A7993B3-6611-4D9D-B8AB-836D6C27B12B}.Profile|x64.ActiveCfg = Profile|x64
		{4A7993B3-6611-4D9D-B8AB-836D6C27B12B}.Profile|x64.Build.0 = Profile|x64
		{4A7993B3-6611-4D9D-B8AB-836D6C27B12B}.Profile|x86.ActiveCfg = Profile|x86
		{4A7993B3-6611-4D9D-B8AB-836D6C27B12B}.Profile|x86.Build.0 = Profile|x86
		{4A7993B3-6611-4D9D-B8AB-836D6C27B12B}.Release Server Only|Any CPU.ActiveCfg = Release|x86
		{4A7993B3-6611-4D9D-B8AB-836D6C27B12B}.Release Server Only|Mixed Platforms.ActiveCfg = Release|x86
		{4A7993B3-6611-4D9D-B8AB-836D6C27B12B}.Release Server Only|Mixed Platforms.Build.0 = Release|x86
		{4A7993B3-6611-4D9D-B8AB-836D6C27B12B}.Release Server Only|Win32.ActiveCfg = Release|x86
		{4A7993B3-6611-4D9D-B8AB-836D6C27B12B}.Release Server Only|Win32.Build.0 = Release|x86
		{4A7993B3-6611-4D9D-B8AB-836D6C27B12B}.Release Server Only|x64.ActiveCfg = Release|x64
		{4A7993B3-6611-4D9D-B8AB-836D6C27B12B}.Release Server Only|x64.Build.0 = Release|x64
		{4A7993B3-6611-4D9D-B8AB-836D6C27B12B}.Release Server Only|x86.ActiveCfg = Release|x86
		{4A7993B3-6611-4D9D-B8AB-836D6C27B12B}.Release Server Only|x86.Build.0 = Release|x86
		{4A7993B3-6611-4D9D-B8AB-836D6C27B12B}.Release|Any CPU.ActiveCfg = Release|x86
		{4A7993B3-6611-4D9D-B8AB-836D6C27B12B}.Release|Mixed Platforms.ActiveCfg = Release|x86
		{4A7993B3-6611-4D9D-B8AB-836D6C27B12B}.Release|Mixed Platforms.Build.0 = Release|x86
		{4A7993B3-6611-4D9D-B8AB-836D6C27B12B}.Release|Win32.ActiveCfg = Release|x86
		{4A7993B3-6611-4D9D-B8AB-836D6C27B12B}.Release|Win32.Build.0 = Release|x86
		{4A7993B3-6611-4D9D-B8AB-836D6C27B12B}.Release|x64.ActiveCfg = Release|x64
		{4A7993B3-6611-4D9D-B8AB-836D6C27B12B}.Release|x64.Build.0 = Release|x64
		{4A7993B3-6611-4D9D-B8AB-836D6C27B12B}.Release|x86.ActiveCfg = Release|x86
		{4A7993B3-6611-4D9D-B8AB-836D6C27B12B}.Release|x86.Build.0 = Release|x86
		{4A7993B3-6611-4D9D-B8AB-836D6C27B12B}.UnitTests|Any CPU.ActiveCfg = UnitTests|x86
		{4A7993B3-6611-4D9D-B8AB-836D6C27B12B}.UnitTests|Mixed Platforms.ActiveCfg = UnitTests|x86
		{4A7993B3-6611-4D9D-B8AB-836D6C27B12B}.UnitTests|Mixed Platforms.Build.0 = UnitTests|x86
		{4A7993B3-6611-4D9D-B8AB-836D6C27B12B}.UnitTests|Win32.ActiveCfg = UnitTests|x86
		{4A7993B3-6611-4D9D-B8AB-836D6C27B12B}.UnitTests|Win32.Build.0 = UnitTests|x86
		{4A7993B3-6611-4D9D-B8AB-836D6C27B12B}.UnitTests|x64.ActiveCfg = UnitTests|x64
		{4A7993B3-6611-4D9D-B8AB-836D6C27B12B}.UnitTests|x64.Build.0 = UnitTests|x64
		{4A7993B3-6611-4D9D-B8AB-836D6C27B12B}.UnitTests|x86.ActiveCfg = UnitTests|x86
		{4A7993B3-6611-4D9D-B8AB-836D6C27B12B}.UnitTests|x86.Build.0 = UnitTests|x86
		{AEB958D4-45CA-478B-BA8E-D0E897CE974B}.Debug|Any CPU.ActiveCfg = Debug|Win32
		{AEB958D4-45CA-478B-BA8E-D0E897CE974B}.Debug|Mixed Platforms.ActiveCfg = Debug|Win32
		{AEB958D4-45CA-478B-BA8E-D0E897CE974B}.Debug|Mixed Platforms.Build.0 = Debug|Win32
		{AEB958D4-45CA-478B-BA8E-D0E897CE974B}.Debug|Win32.ActiveCfg = Debug|Win32
		{AEB958D4-45CA-478B-BA8E-D0E897CE974B}.Debug|Win32.Build.0 = Debug|Win32
		{AEB958D4-45CA-478B-BA8E-D0E897CE974B}.Debug|x64.ActiveCfg = Debug|x64
		{AEB958D4-45CA-478B-BA8E-D0E897CE974B}.Debug|x64.Build.0 = Debug|x64
		{AEB958D4-45CA-478B-BA8E-D0E897CE974B}.Debug|x86.ActiveCfg = Debug|Win32
		{AEB958D4-45CA-478B-BA8E-D0E897CE974B}.Debug|x86.Build.0 = Debug|Win32
		{AEB958D4-45CA-478B-BA8E-D0E897CE974B}.Performance|Any CPU.ActiveCfg = Performance|Win32
		{AEB958D4-45CA-478B-BA8E-D0E897CE974B}.Performance|Mixed Platforms.ActiveCfg = Performance|Win32
		{AEB958D4-45CA-478B-BA8E-D0E897CE974B}.Performance|Mixed Platforms.Build.0 = Performance|Win32
		{AEB958D4-45CA-478B-BA8E-D0E897CE974B}.Performance|Win32.ActiveCfg = Performance|Win32
		{AEB958D4-45CA-478B-BA8E-D0E897CE974B}.Performance|Win32.Build.0 = Performance|Win32
		{AEB958D4-45CA-478B-BA8E-D0E897CE974B}.Performance|x64.ActiveCfg = Performance|x64
		{AEB958D4-45CA-478B-BA8E-D0E897CE974B}.Performance|x64.Build.0 = Performance|x64
		{AEB958D4-45CA-478B-BA8E-D0E897CE974B}.Performance|x86.ActiveCfg = Performance|Win32
		{AEB958D4-45CA-478B-BA8E-D0E897CE974B}.Performance|x86.Build.0 = Performance|Win32
		{AEB958D4-45CA-478B-BA8E-D0E897CE974B}.Profile Server Only|Any CPU.ActiveCfg = Profile Server Only|Win32
		{AEB958D4-45CA-478B-BA8E-D0E897CE974B}.Profile Server Only|Mixed Platforms.ActiveCfg = Profile Server Only|Win32
		{AEB958D4-45CA-478B-BA8E-D0E897CE974B}.Profile Server Only|Mixed Platforms.Build.0 = Profile Server Only|Win32
		{AEB958D4-45CA-478B-BA8E-D0E897CE974B}.Profile Server Only|Win32.ActiveCfg = Profile Server Only|Win32
		{AEB958D4-45CA-478B-BA8E-D0E897CE974B}.Profile Server Only|Win32.Build.0 = Profile Server Only|Win32
		{AEB958D4-45CA-478B-BA8E-D0E897CE974B}.Profile Server Only|x64.ActiveCfg = Profile Server Only|x64
		{AEB958D4-45CA-478B-BA8E-D0E897CE974B}.Profile Server Only|x64.Build.0 = Profile Server Only|x64
		{AEB958D4-45CA-478B-BA8E-D0E897CE974B}.Profile Server Only|x86.ActiveCfg = Profile Server Only|Win32
		{AEB958D4-45CA-478B-BA8E-D0E897CE974B}.Profile Server Only|x86.Build.0 = Profile Server Only|Win32
		{AEB958D4-45CA-478B-BA8E-D0E897CE974B}.Profile|Any CPU.ActiveCfg = Profile|Win32
		{AEB958D4-45CA-478B-BA8E-D0E897CE974B}.Profile|Mixed Platforms.ActiveCfg = Profile|Win32
		{AEB958D4-45CA-478B-BA8E-D0E897CE974B}.Profile|Mixed Platforms.Build.0 = Profile|Win32
		{AEB958D4-45CA-478B-BA8E-D0E897CE974B}.Profile|Win32.ActiveCfg = Profile|Win32
		{AEB958D4-45CA-478B-BA8E-D0E897CE974B}.Profile|Win32.Build.0 = Profile|Win32
		{AEB958D4-45CA-478B-BA8E-D0E897CE974B}.Profile|x64.ActiveCfg = Profile|x64
		{AEB958D4-45CA-478B-BA8E-D0E897CE974B}.Profile|x64.Build.0 = Profile|x64
		{AEB958D4-45CA-478B-BA8E-D0E897CE974B}.Profile|x86.ActiveCfg = Profile|Win32
		{AEB958D4-45CA-478B-BA8E-D0E897CE974B}.Profile|x86.Build.0 = Profile|Win32
		{AEB958D4-45CA-478B-BA8E-D0E897CE974B}.Release Server Only|Any CPU.ActiveCfg = Release Server Only|Win32
		{AEB958D4-45CA-478B-BA8E-D0E897CE974B}.Release Server Only|Mixed Platforms.ActiveCfg = Release Server Only|Win32
		{AEB958D4-45CA-478B-BA8E-D0E897CE974B}.Release Server Only|Mixed Platforms.Build.0 = Release Server Only|Win32
		{AEB958D4-45CA-478B-BA8E-D0E897CE974B}.Release Server Only|Win32.ActiveCfg = Release Server Only|Win32
		{AEB958D4-45CA-478B-BA8E-D0E897CE974B}.Release Server Only|Win32.Build.0 = Release Server Only|Win32
		{AEB958D4-45CA-478B-BA8E-D0E897CE974B}.Release Server Only|x64.ActiveCfg = Release Server Only|x64
		{AEB958D4-45CA-478B-BA8E-D0E897CE974B}.Release Server Only|x64.Build.0 = Release Server Only|x64
		{AEB958D4-45CA-478B-BA8E-D0E897CE974B}.Release Server Only|x86.ActiveCfg = Release Server Only|Win32
		{AEB958D4-45CA-478B-BA8E-D0E897CE974B}.Release Server Only|x86.Build.0 = Release Server Only|Win32
		{AEB958D4-45CA-478B-BA8E-D0E897CE974B}.Release|Any CPU.ActiveCfg = Release|Win32
		{AEB958D4-45CA-478B-BA8E-D0E897CE974B}.Release|Mixed Platforms.ActiveCfg = Release|Win32
		{AEB958D4-45CA-478B-BA8E-D0E897CE974B}.Release|Mixed Platforms.Build.0 = Release|Win32
		{AEB958D4-45CA-478B-BA8E-D0E897CE974B}.Release|Win32.ActiveCfg = Release|Win32
		{AEB958D4-45CA-478B-BA8E-D0E897CE974B}.Release|Win32.Build.0 = Release|Win32
		{AEB958D4-45CA-478B-BA8E-D0E897CE974B}.Release|x64.ActiveCfg = Release|x64
		{AEB958D4-45CA-478B-BA8E-D0E897CE974B}.Release|x64.Build.0 = Release|x64
		{AEB958D4-45CA-478B-BA8E-D0E897CE974B}.Release|x86.ActiveCfg = Release|Win32
		{AEB958D4-45CA-478B-BA8E-D0E897CE974B}.Release|x86.Build.0 = Release|Win32
		{AEB958D4-45CA-478B-BA8E-D0E897CE974B}.UnitTests|Any CPU.ActiveCfg = Profile Server Only|Win32
		{AEB958D4-45CA-478B-BA8E-D0E897CE974B}.UnitTests|Mixed Platforms.ActiveCfg = Profile Server Only|Win32
		{AEB958D4-45CA-478B-BA8E-D0E897CE974B}.UnitTests|Mixed Platforms.Build.0 = Profile Server Only|Win32
		{AEB958D4-45CA-478B-BA8E-D0E897CE974B}.UnitTests|Win32.ActiveCfg = Release Server Only|Win32
		{AEB958D4-45CA-478B-BA8E-D0E897CE974B}.UnitTests|Win32.Build.0 = Release Server Only|Win32
		{AEB958D4-45CA-478B-BA8E-D0E897CE974B}.UnitTests|x64.ActiveCfg = Performance|x64
		{AEB958D4-45CA-478B-BA8E-D0E897CE974B}.UnitTests|x64.Build.0 = Performance|x64
		{AEB958D4-45CA-478B-BA8E-D0E897CE974B}.UnitTests|x86.ActiveCfg = Performance|Win32
		{AEB958D4-45CA-478B-BA8E-D0E897CE974B}.UnitTests|x86.Build.0 = Performance|Win32
		{25588172-6725-4C61-8CE5-3799FA125533}.Debug|Any CPU.ActiveCfg = Debug|Any CPU
		{25588172-6725-4C61-8CE5-3799FA125533}.Debug|Any CPU.Build.0 = Debug|Any CPU
		{25588172-6725-4C61-8CE5-3799FA125533}.Debug|Mixed Platforms.ActiveCfg = Debug|Any CPU
		{25588172-6725-4C61-8CE5-3799FA125533}.Debug|Mixed Platforms.Build.0 = Debug|Any CPU
		{25588172-6725-4C61-8CE5-3799FA125533}.Debug|Win32.ActiveCfg = Debug|Any CPU
		{25588172-6725-4C61-8CE5-3799FA125533}.Debug|x64.ActiveCfg = Debug|Any CPU
		{25588172-6725-4C61-8CE5-3799FA125533}.Debug|x64.Build.0 = Debug|Any CPU
		{25588172-6725-4C61-8CE5-3799FA125533}.Debug|x86.ActiveCfg = Debug|Any CPU
		{25588172-6725-4C61-8CE5-3799FA125533}.Debug|x86.Build.0 = Debug|Any CPU
		{25588172-6725-4C61-8CE5-3799FA125533}.Performance|Any CPU.ActiveCfg = Profile|Any CPU
		{25588172-6725-4C61-8CE5-3799FA125533}.Performance|Any CPU.Build.0 = Profile|Any CPU
		{25588172-6725-4C61-8CE5-3799FA125533}.Performance|Mixed Platforms.ActiveCfg = Profile|Any CPU
		{25588172-6725-4C61-8CE5-3799FA125533}.Performance|Mixed Platforms.Build.0 = Profile|Any CPU
		{25588172-6725-4C61-8CE5-3799FA125533}.Performance|Win32.ActiveCfg = Profile|Any CPU
		{25588172-6725-4C61-8CE5-3799FA125533}.Performance|x64.ActiveCfg = Profile|Any CPU
		{25588172-6725-4C61-8CE5-3799FA125533}.Performance|x86.ActiveCfg = Profile|Any CPU
		{25588172-6725-4C61-8CE5-3799FA125533}.Profile Server Only|Any CPU.ActiveCfg = Profile|Any CPU
		{25588172-6725-4C61-8CE5-3799FA125533}.Profile Server Only|Any CPU.Build.0 = Profile|Any CPU
		{25588172-6725-4C61-8CE5-3799FA125533}.Profile Server Only|Mixed Platforms.ActiveCfg = Profile|Any CPU
		{25588172-6725-4C61-8CE5-3799FA125533}.Profile Server Only|Mixed Platforms.Build.0 = Profile|Any CPU
		{25588172-6725-4C61-8CE5-3799FA125533}.Profile Server Only|Win32.ActiveCfg = Profile|Any CPU
		{25588172-6725-4C61-8CE5-3799FA125533}.Profile Server Only|x64.ActiveCfg = Profile|Any CPU
		{25588172-6725-4C61-8CE5-3799FA125533}.Profile Server Only|x86.ActiveCfg = Profile|Any CPU
		{25588172-6725-4C61-8CE5-3799FA125533}.Profile|Any CPU.ActiveCfg = Profile|Any CPU
		{25588172-6725-4C61-8CE5-3799FA125533}.Profile|Any CPU.Build.0 = Profile|Any CPU
		{25588172-6725-4C61-8CE5-3799FA125533}.Profile|Mixed Platforms.ActiveCfg = Profile|Any CPU
		{25588172-6725-4C61-8CE5-3799FA125533}.Profile|Mixed Platforms.Build.0 = Profile|Any CPU
		{25588172-6725-4C61-8CE5-3799FA125533}.Profile|Win32.ActiveCfg = Profile|Any CPU
		{25588172-6725-4C61-8CE5-3799FA125533}.Profile|x64.ActiveCfg = Profile|Any CPU
		{25588172-6725-4C61-8CE5-3799FA125533}.Profile|x64.Build.0 = Profile|Any CPU
		{25588172-6725-4C61-8CE5-3799FA125533}.Profile|x86.ActiveCfg = Profile|Any CPU
		{25588172-6725-4C61-8CE5-3799FA125533}.Profile|x86.Build.0 = Profile|Any CPU
		{25588172-6725-4C61-8CE5-3799FA125533}.Release Server Only|Any CPU.ActiveCfg = Release|Any CPU
		{25588172-6725-4C61-8CE5-3799FA125533}.Release Server Only|Any CPU.Build.0 = Release|Any CPU
		{25588172-6725-4C61-8CE5-3799FA125533}.Release Server Only|Mixed Platforms.ActiveCfg = Release|Any CPU
		{25588172-6725-4C61-8CE5-3799FA125533}.Release Server Only|Mixed Platforms.Build.0 = Release|Any CPU
		{25588172-6725-4C61-8CE5-3799FA125533}.Release Server Only|Win32.ActiveCfg = Release|Any CPU
		{25588172-6725-4C61-8CE5-3799FA125533}.Release Server Only|x64.ActiveCfg = Release|Any CPU
		{25588172-6725-4C61-8CE5-3799FA125533}.Release Server Only|x86.ActiveCfg = Release|Any CPU
		{25588172-6725-4C61-8CE5-3799FA125533}.Release|Any CPU.ActiveCfg = Release|Any CPU
		{25588172-6725-4C61-8CE5-3799FA125533}.Release|Any CPU.Build.0 = Release|Any CPU
		{25588172-6725-4C61-8CE5-3799FA125533}.Release|Mixed Platforms.ActiveCfg = Release|Any CPU
		{25588172-6725-4C61-8CE5-3799FA125533}.Release|Mixed Platforms.Build.0 = Release|Any CPU
		{25588172-6725-4C61-8CE5-3799FA125533}.Release|Win32.ActiveCfg = Release|Any CPU
		{25588172-6725-4C61-8CE5-3799FA125533}.Release|x64.ActiveCfg = Release|Any CPU
		{25588172-6725-4C61-8CE5-3799FA125533}.Release|x64.Build.0 = Release|Any CPU
		{25588172-6725-4C61-8CE5-3799FA125533}.Release|x86.ActiveCfg = Release|Any CPU
		{25588172-6725-4C61-8CE5-3799FA125533}.Release|x86.Build.0 = Release|Any CPU
		{25588172-6725-4C61-8CE5-3799FA125533}.UnitTests|Any CPU.ActiveCfg = UnitTests|Any CPU
		{25588172-6725-4C61-8CE5-3799FA125533}.UnitTests|Any CPU.Build.0 = UnitTests|Any CPU
		{25588172-6725-4C61-8CE5-3799FA125533}.UnitTests|Mixed Platforms.ActiveCfg = UnitTests|Any CPU
		{25588172-6725-4C61-8CE5-3799FA125533}.UnitTests|Mixed Platforms.Build.0 = UnitTests|Any CPU
		{25588172-6725-4C61-8CE5-3799FA125533}.UnitTests|Win32.ActiveCfg = UnitTests|Any CPU
		{25588172-6725-4C61-8CE5-3799FA125533}.UnitTests|x64.ActiveCfg = UnitTests|Any CPU
		{25588172-6725-4C61-8CE5-3799FA125533}.UnitTests|x64.Build.0 = UnitTests|Any CPU
		{25588172-6725-4C61-8CE5-3799FA125533}.UnitTests|x86.ActiveCfg = UnitTests|Any CPU
		{EFA030F1-B5C6-410D-B217-6F40887CC8A5}.Debug|Any CPU.ActiveCfg = Debug|Any CPU
		{EFA030F1-B5C6-410D-B217-6F40887CC8A5}.Debug|Any CPU.Build.0 = Debug|Any CPU
		{EFA030F1-B5C6-410D-B217-6F40887CC8A5}.Debug|Mixed Platforms.ActiveCfg = Debug|Any CPU
		{EFA030F1-B5C6-410D-B217-6F40887CC8A5}.Debug|Mixed Platforms.Build.0 = Debug|Any CPU
		{EFA030F1-B5C6-410D-B217-6F40887CC8A5}.Debug|Win32.ActiveCfg = Debug|Any CPU
		{EFA030F1-B5C6-410D-B217-6F40887CC8A5}.Debug|x64.ActiveCfg = Debug|Any CPU
		{EFA030F1-B5C6-410D-B217-6F40887CC8A5}.Debug|x86.ActiveCfg = Debug|Any CPU
		{EFA030F1-B5C6-410D-B217-6F40887CC8A5}.Performance|Any CPU.ActiveCfg = Release|Any CPU
		{EFA030F1-B5C6-410D-B217-6F40887CC8A5}.Performance|Any CPU.Build.0 = Release|Any CPU
		{EFA030F1-B5C6-410D-B217-6F40887CC8A5}.Performance|Mixed Platforms.ActiveCfg = Release|Any CPU
		{EFA030F1-B5C6-410D-B217-6F40887CC8A5}.Performance|Mixed Platforms.Build.0 = Release|Any CPU
		{EFA030F1-B5C6-410D-B217-6F40887CC8A5}.Performance|Win32.ActiveCfg = Release|Any CPU
		{EFA030F1-B5C6-410D-B217-6F40887CC8A5}.Performance|x64.ActiveCfg = Release|Any CPU
		{EFA030F1-B5C6-410D-B217-6F40887CC8A5}.Performance|x86.ActiveCfg = Release|Any CPU
		{EFA030F1-B5C6-410D-B217-6F40887CC8A5}.Profile Server Only|Any CPU.ActiveCfg = Release|Any CPU
		{EFA030F1-B5C6-410D-B217-6F40887CC8A5}.Profile Server Only|Any CPU.Build.0 = Release|Any CPU
		{EFA030F1-B5C6-410D-B217-6F40887CC8A5}.Profile Server Only|Mixed Platforms.ActiveCfg = Release|Any CPU
		{EFA030F1-B5C6-410D-B217-6F40887CC8A5}.Profile Server Only|Mixed Platforms.Build.0 = Release|Any CPU
		{EFA030F1-B5C6-410D-B217-6F40887CC8A5}.Profile Server Only|Win32.ActiveCfg = Release|Any CPU
		{EFA030F1-B5C6-410D-B217-6F40887CC8A5}.Profile Server Only|x64.ActiveCfg = Release|Any CPU
		{EFA030F1-B5C6-410D-B217-6F40887CC8A5}.Profile Server Only|x86.ActiveCfg = Release|Any CPU
		{EFA030F1-B5C6-410D-B217-6F40887CC8A5}.Profile|Any CPU.ActiveCfg = Release|Any CPU
		{EFA030F1-B5C6-410D-B217-6F40887CC8A5}.Profile|Any CPU.Build.0 = Release|Any CPU
		{EFA030F1-B5C6-410D-B217-6F40887CC8A5}.Profile|Mixed Platforms.ActiveCfg = Release|Any CPU
		{EFA030F1-B5C6-410D-B217-6F40887CC8A5}.Profile|Mixed Platforms.Build.0 = Release|Any CPU
		{EFA030F1-B5C6-410D-B217-6F40887CC8A5}.Profile|Win32.ActiveCfg = Release|Any CPU
		{EFA030F1-B5C6-410D-B217-6F40887CC8A5}.Profile|x64.ActiveCfg = Release|Any CPU
		{EFA030F1-B5C6-410D-B217-6F40887CC8A5}.Profile|x86.ActiveCfg = Release|Any CPU
		{EFA030F1-B5C6-410D-B217-6F40887CC8A5}.Release Server Only|Any CPU.ActiveCfg = Release|Any CPU
		{EFA030F1-B5C6-410D-B217-6F40887CC8A5}.Release Server Only|Any CPU.Build.0 = Release|Any CPU
		{EFA030F1-B5C6-410D-B217-6F40887CC8A5}.Release Server Only|Mixed Platforms.ActiveCfg = Release|Any CPU
		{EFA030F1-B5C6-410D-B217-6F40887CC8A5}.Release Server Only|Mixed Platforms.Build.0 = Release|Any CPU
		{EFA030F1-B5C6-410D-B217-6F40887CC8A5}.Release Server Only|Win32.ActiveCfg = Release|Any CPU
		{EFA030F1-B5C6-410D-B217-6F40887CC8A5}.Release Server Only|x64.ActiveCfg = Release|Any CPU
		{EFA030F1-B5C6-410D-B217-6F40887CC8A5}.Release Server Only|x86.ActiveCfg = Release|Any CPU
		{EFA030F1-B5C6-410D-B217-6F40887CC8A5}.Release|Any CPU.ActiveCfg = Release|Any CPU
		{EFA030F1-B5C6-410D-B217-6F40887CC8A5}.Release|Any CPU.Build.0 = Release|Any CPU
		{EFA030F1-B5C6-410D-B217-6F40887CC8A5}.Release|Mixed Platforms.ActiveCfg = Release|Any CPU
		{EFA030F1-B5C6-410D-B217-6F40887CC8A5}.Release|Mixed Platforms.Build.0 = Release|Any CPU
		{EFA030F1-B5C6-410D-B217-6F40887CC8A5}.Release|Win32.ActiveCfg = Release|Any CPU
		{EFA030F1-B5C6-410D-B217-6F40887CC8A5}.Release|x64.ActiveCfg = Release|Any CPU
		{EFA030F1-B5C6-410D-B217-6F40887CC8A5}.Release|x86.ActiveCfg = Release|Any CPU
		{EFA030F1-B5C6-410D-B217-6F40887CC8A5}.UnitTests|Any CPU.ActiveCfg = Release|Any CPU
		{EFA030F1-B5C6-410D-B217-6F40887CC8A5}.UnitTests|Any CPU.Build.0 = Release|Any CPU
		{EFA030F1-B5C6-410D-B217-6F40887CC8A5}.UnitTests|Mixed Platforms.ActiveCfg = Release|Any CPU
		{EFA030F1-B5C6-410D-B217-6F40887CC8A5}.UnitTests|Mixed Platforms.Build.0 = Release|Any CPU
		{EFA030F1-B5C6-410D-B217-6F40887CC8A5}.UnitTests|Win32.ActiveCfg = Release|Any CPU
		{EFA030F1-B5C6-410D-B217-6F40887CC8A5}.UnitTests|x64.ActiveCfg = Release|Any CPU
		{EFA030F1-B5C6-410D-B217-6F40887CC8A5}.UnitTests|x86.ActiveCfg = Release|Any CPU
		{498187B3-E46F-45FA-A202-992AE9FDA01A}.Debug|Any CPU.ActiveCfg = Debug|Win32
		{498187B3-E46F-45FA-A202-992AE9FDA01A}.Debug|Mixed Platforms.ActiveCfg = Debug|Win32
		{498187B3-E46F-45FA-A202-992AE9FDA01A}.Debug|Mixed Platforms.Build.0 = Debug|Win32
		{498187B3-E46F-45FA-A202-992AE9FDA01A}.Debug|Win32.ActiveCfg = Debug|Win32
		{498187B3-E46F-45FA-A202-992AE9FDA01A}.Debug|Win32.Build.0 = Debug|Win32
		{498187B3-E46F-45FA-A202-992AE9FDA01A}.Debug|x64.ActiveCfg = Debug|x64
		{498187B3-E46F-45FA-A202-992AE9FDA01A}.Debug|x64.Build.0 = Debug|x64
		{498187B3-E46F-45FA-A202-992AE9FDA01A}.Debug|x86.ActiveCfg = Debug|Win32
		{498187B3-E46F-45FA-A202-992AE9FDA01A}.Debug|x86.Build.0 = Debug|Win32
		{498187B3-E46F-45FA-A202-992AE9FDA01A}.Performance|Any CPU.ActiveCfg = Performance|Win32
		{498187B3-E46F-45FA-A202-992AE9FDA01A}.Performance|Mixed Platforms.ActiveCfg = Performance|Win32
		{498187B3-E46F-45FA-A202-992AE9FDA01A}.Performance|Mixed Platforms.Build.0 = Performance|Win32
		{498187B3-E46F-45FA-A202-992AE9FDA01A}.Performance|Win32.ActiveCfg = Performance|Win32
		{498187B3-E46F-45FA-A202-992AE9FDA01A}.Performance|Win32.Build.0 = Performance|Win32
		{498187B3-E46F-45FA-A202-992AE9FDA01A}.Performance|x64.ActiveCfg = Performance|x64
		{498187B3-E46F-45FA-A202-992AE9FDA01A}.Performance|x64.Build.0 = Performance|x64
		{498187B3-E46F-45FA-A202-992AE9FDA01A}.Performance|x86.ActiveCfg = Performance|Win32
		{498187B3-E46F-45FA-A202-992AE9FDA01A}.Performance|x86.Build.0 = Performance|Win32
		{498187B3-E46F-45FA-A202-992AE9FDA01A}.Profile Server Only|Any CPU.ActiveCfg = Profile Server Only|Win32
		{498187B3-E46F-45FA-A202-992AE9FDA01A}.Profile Server Only|Mixed Platforms.ActiveCfg = Profile Server Only|Win32
		{498187B3-E46F-45FA-A202-992AE9FDA01A}.Profile Server Only|Mixed Platforms.Build.0 = Profile Server Only|Win32
		{498187B3-E46F-45FA-A202-992AE9FDA01A}.Profile Server Only|Win32.ActiveCfg = Profile Server Only|Win32
		{498187B3-E46F-45FA-A202-992AE9FDA01A}.Profile Server Only|Win32.Build.0 = Profile Server Only|Win32
		{498187B3-E46F-45FA-A202-992AE9FDA01A}.Profile Server Only|x64.ActiveCfg = Profile Server Only|x64
		{498187B3-E46F-45FA-A202-992AE9FDA01A}.Profile Server Only|x64.Build.0 = Profile Server Only|x64
		{498187B3-E46F-45FA-A202-992AE9FDA01A}.Profile Server Only|x86.ActiveCfg = Profile Server Only|Win32
		{498187B3-E46F-45FA-A202-992AE9FDA01A}.Profile Server Only|x86.Build.0 = Profile Server Only|Win32
		{498187B3-E46F-45FA-A202-992AE9FDA01A}.Profile|Any CPU.ActiveCfg = Profile|Win32
		{498187B3-E46F-45FA-A202-992AE9FDA01A}.Profile|Mixed Platforms.ActiveCfg = Profile|Win32
		{498187B3-E46F-45FA-A202-992AE9FDA01A}.Profile|Mixed Platforms.Build.0 = Profile|Win32
		{498187B3-E46F-45FA-A202-992AE9FDA01A}.Profile|Win32.ActiveCfg = Profile|Win32
		{498187B3-E46F-45FA-A202-992AE9FDA01A}.Profile|Win32.Build.0 = Profile|Win32
		{498187B3-E46F-45FA-A202-992AE9FDA01A}.Profile|x64.ActiveCfg = Profile|x64
		{498187B3-E46F-45FA-A202-992AE9FDA01A}.Profile|x64.Build.0 = Profile|x64
		{498187B3-E46F-45FA-A202-992AE9FDA01A}.Profile|x86.ActiveCfg = Profile|Win32
		{498187B3-E46F-45FA-A202-992AE9FDA01A}.Profile|x86.Build.0 = Profile|Win32
		{498187B3-E46F-45FA-A202-992AE9FDA01A}.Release Server Only|Any CPU.ActiveCfg = Release Server Only|Win32
		{498187B3-E46F-45FA-A202-992AE9FDA01A}.Release Server Only|Mixed Platforms.ActiveCfg = Release Server Only|Win32
		{498187B3-E46F-45FA-A202-992AE9FDA01A}.Release Server Only|Mixed Platforms.Build.0 = Release Server Only|Win32
		{498187B3-E46F-45FA-A202-992AE9FDA01A}.Release Server Only|Win32.ActiveCfg = Release Server Only|Win32
		{498187B3-E46F-45FA-A202-992AE9FDA01A}.Release Server Only|Win32.Build.0 = Release Server Only|Win32
		{498187B3-E46F-45FA-A202-992AE9FDA01A}.Release Server Only|x64.ActiveCfg = Release Server Only|x64
		{498187B3-E46F-45FA-A202-992AE9FDA01A}.Release Server Only|x64.Build.0 = Release Server Only|x64
		{498187B3-E46F-45FA-A202-992AE9FDA01A}.Release Server Only|x86.ActiveCfg = Release Server Only|Win32
		{498187B3-E46F-45FA-A202-992AE9FDA01A}.Release Server Only|x86.Build.0 = Release Server Only|Win32
		{498187B3-E46F-45FA-A202-992AE9FDA01A}.Release|Any CPU.ActiveCfg = Release|Win32
		{498187B3-E46F-45FA-A202-992AE9FDA01A}.Release|Mixed Platforms.ActiveCfg = Release|Win32
		{498187B3-E46F-45FA-A202-992AE9FDA01A}.Release|Mixed Platforms.Build.0 = Release|Win32
		{498187B3-E46F-45FA-A202-992AE9FDA01A}.Release|Win32.ActiveCfg = Release|Win32
		{498187B3-E46F-45FA-A202-992AE9FDA01A}.Release|Win32.Build.0 = Release|Win32
		{498187B3-E46F-45FA-A202-992AE9FDA01A}.Release|x64.ActiveCfg = Release|x64
		{498187B3-E46F-45FA-A202-992AE9FDA01A}.Release|x64.Build.0 = Release|x64
		{498187B3-E46F-45FA-A202-992AE9FDA01A}.Release|x86.ActiveCfg = Release|Win32
		{498187B3-E46F-45FA-A202-992AE9FDA01A}.Release|x86.Build.0 = Release|Win32
		{498187B3-E46F-45FA-A202-992AE9FDA01A}.UnitTests|Any CPU.ActiveCfg = Release|Win32
		{498187B3-E46F-45FA-A202-992AE9FDA01A}.UnitTests|Mixed Platforms.ActiveCfg = Release|Win32
		{498187B3-E46F-45FA-A202-992AE9FDA01A}.UnitTests|Mixed Platforms.Build.0 = Release|Win32
		{498187B3-E46F-45FA-A202-992AE9FDA01A}.UnitTests|Win32.ActiveCfg = Release|Win32
		{498187B3-E46F-45FA-A202-992AE9FDA01A}.UnitTests|Win32.Build.0 = Release|Win32
		{498187B3-E46F-45FA-A202-992AE9FDA01A}.UnitTests|x64.ActiveCfg = Release|x64
		{498187B3-E46F-45FA-A202-992AE9FDA01A}.UnitTests|x64.Build.0 = Release|x64
		{498187B3-E46F-45FA-A202-992AE9FDA01A}.UnitTests|x86.ActiveCfg = Release|Win32
		{498187B3-E46F-45FA-A202-992AE9FDA01A}.UnitTests|x86.Build.0 = Release|Win32
		{72A32EAB-16AA-4A8C-A36A-2389EAD83AAA}.Debug|Any CPU.ActiveCfg = Debug|Win32
		{72A32EAB-16AA-4A8C-A36A-2389EAD83AAA}.Debug|Mixed Platforms.ActiveCfg = Debug|Win32
		{72A32EAB-16AA-4A8C-A36A-2389EAD83AAA}.Debug|Mixed Platforms.Build.0 = Debug|Win32
		{72A32EAB-16AA-4A8C-A36A-2389EAD83AAA}.Debug|Win32.ActiveCfg = Debug|Win32
		{72A32EAB-16AA-4A8C-A36A-2389EAD83AAA}.Debug|Win32.Build.0 = Debug|Win32
		{72A32EAB-16AA-4A8C-A36A-2389EAD83AAA}.Debug|x64.ActiveCfg = Debug|Win32
		{72A32EAB-16AA-4A8C-A36A-2389EAD83AAA}.Debug|x86.ActiveCfg = Debug|Win32
		{72A32EAB-16AA-4A8C-A36A-2389EAD83AAA}.Debug|x86.Build.0 = Debug|Win32
		{72A32EAB-16AA-4A8C-A36A-2389EAD83AAA}.Performance|Any CPU.ActiveCfg = Release|Win32
		{72A32EAB-16AA-4A8C-A36A-2389EAD83AAA}.Performance|Mixed Platforms.ActiveCfg = Release|Win32
		{72A32EAB-16AA-4A8C-A36A-2389EAD83AAA}.Performance|Mixed Platforms.Build.0 = Release|Win32
		{72A32EAB-16AA-4A8C-A36A-2389EAD83AAA}.Performance|Win32.ActiveCfg = Release|Win32
		{72A32EAB-16AA-4A8C-A36A-2389EAD83AAA}.Performance|Win32.Build.0 = Release|Win32
		{72A32EAB-16AA-4A8C-A36A-2389EAD83AAA}.Performance|x64.ActiveCfg = Release|Win32
		{72A32EAB-16AA-4A8C-A36A-2389EAD83AAA}.Performance|x86.ActiveCfg = Release|Win32
		{72A32EAB-16AA-4A8C-A36A-2389EAD83AAA}.Performance|x86.Build.0 = Release|Win32
		{72A32EAB-16AA-4A8C-A36A-2389EAD83AAA}.Profile Server Only|Any CPU.ActiveCfg = Release|Win32
		{72A32EAB-16AA-4A8C-A36A-2389EAD83AAA}.Profile Server Only|Mixed Platforms.ActiveCfg = Release|Win32
		{72A32EAB-16AA-4A8C-A36A-2389EAD83AAA}.Profile Server Only|Mixed Platforms.Build.0 = Release|Win32
		{72A32EAB-16AA-4A8C-A36A-2389EAD83AAA}.Profile Server Only|Win32.ActiveCfg = Release|Win32
		{72A32EAB-16AA-4A8C-A36A-2389EAD83AAA}.Profile Server Only|Win32.Build.0 = Release|Win32
		{72A32EAB-16AA-4A8C-A36A-2389EAD83AAA}.Profile Server Only|x64.ActiveCfg = Release|Win32
		{72A32EAB-16AA-4A8C-A36A-2389EAD83AAA}.Profile Server Only|x86.ActiveCfg = Release|Win32
		{72A32EAB-16AA-4A8C-A36A-2389EAD83AAA}.Profile Server Only|x86.Build.0 = Release|Win32
		{72A32EAB-16AA-4A8C-A36A-2389EAD83AAA}.Profile|Any CPU.ActiveCfg = Release|Win32
		{72A32EAB-16AA-4A8C-A36A-2389EAD83AAA}.Profile|Mixed Platforms.ActiveCfg = Release|Win32
		{72A32EAB-16AA-4A8C-A36A-2389EAD83AAA}.Profile|Mixed Platforms.Build.0 = Release|Win32
		{72A32EAB-16AA-4A8C-A36A-2389EAD83AAA}.Profile|Win32.ActiveCfg = Release|Win32
		{72A32EAB-16AA-4A8C-A36A-2389EAD83AAA}.Profile|Win32.Build.0 = Release|Win32
		{72A32EAB-16AA-4A8C-A36A-2389EAD83AAA}.Profile|x64.ActiveCfg = Release|Win32
		{72A32EAB-16AA-4A8C-A36A-2389EAD83AAA}.Profile|x86.ActiveCfg = Release|Win32
		{72A32EAB-16AA-4A8C-A36A-2389EAD83AAA}.Profile|x86.Build.0 = Release|Win32
		{72A32EAB-16AA-4A8C-A36A-2389EAD83AAA}.Release Server Only|Any CPU.ActiveCfg = Release|Win32
		{72A32EAB-16AA-4A8C-A36A-2389EAD83AAA}.Release Server Only|Mixed Platforms.ActiveCfg = Release|Win32
		{72A32EAB-16AA-4A8C-A36A-2389EAD83AAA}.Release Server Only|Mixed Platforms.Build.0 = Release|Win32
		{72A32EAB-16AA-4A8C-A36A-2389EAD83AAA}.Release Server Only|Win32.ActiveCfg = Release|Win32
		{72A32EAB-16AA-4A8C-A36A-2389EAD83AAA}.Release Server Only|Win32.Build.0 = Release|Win32
		{72A32EAB-16AA-4A8C-A36A-2389EAD83AAA}.Release Server Only|x64.ActiveCfg = Release|Win32
		{72A32EAB-16AA-4A8C-A36A-2389EAD83AAA}.Release Server Only|x86.ActiveCfg = Release|Win32
		{72A32EAB-16AA-4A8C-A36A-2389EAD83AAA}.Release Server Only|x86.Build.0 = Release|Win32
		{72A32EAB-16AA-4A8C-A36A-2389EAD83AAA}.Release|Any CPU.ActiveCfg = Release|Win32
		{72A32EAB-16AA-4A8C-A36A-2389EAD83AAA}.Release|Mixed Platforms.ActiveCfg = Release|Win32
		{72A32EAB-16AA-4A8C-A36A-2389EAD83AAA}.Release|Mixed Platforms.Build.0 = Release|Win32
		{72A32EAB-16AA-4A8C-A36A-2389EAD83AAA}.Release|Win32.ActiveCfg = Release|Win32
		{72A32EAB-16AA-4A8C-A36A-2389EAD83AAA}.Release|Win32.Build.0 = Release|Win32
		{72A32EAB-16AA-4A8C-A36A-2389EAD83AAA}.Release|x64.ActiveCfg = Release|Win32
		{72A32EAB-16AA-4A8C-A36A-2389EAD83AAA}.Release|x86.ActiveCfg = Release|Win32
		{72A32EAB-16AA-4A8C-A36A-2389EAD83AAA}.Release|x86.Build.0 = Release|Win32
		{72A32EAB-16AA-4A8C-A36A-2389EAD83AAA}.UnitTests|Any CPU.ActiveCfg = Release|Win32
		{72A32EAB-16AA-4A8C-A36A-2389EAD83AAA}.UnitTests|Mixed Platforms.ActiveCfg = Release|Win32
		{72A32EAB-16AA-4A8C-A36A-2389EAD83AAA}.UnitTests|Mixed Platforms.Build.0 = Release|Win32
		{72A32EAB-16AA-4A8C-A36A-2389EAD83AAA}.UnitTests|Win32.ActiveCfg = Release|Win32
		{72A32EAB-16AA-4A8C-A36A-2389EAD83AAA}.UnitTests|Win32.Build.0 = Release|Win32
		{72A32EAB-16AA-4A8C-A36A-2389EAD83AAA}.UnitTests|x64.ActiveCfg = Release|Win32
		{72A32EAB-16AA-4A8C-A36A-2389EAD83AAA}.UnitTests|x86.ActiveCfg = Release|Win32
		{72A32EAB-16AA-4A8C-A36A-2389EAD83AAA}.UnitTests|x86.Build.0 = Release|Win32
		{46CD6F09-77E9-41AB-B982-B605F8A984BA}.Debug|Any CPU.ActiveCfg = Debug|x86
		{46CD6F09-77E9-41AB-B982-B605F8A984BA}.Debug|Mixed Platforms.ActiveCfg = Debug|x86
		{46CD6F09-77E9-41AB-B982-B605F8A984BA}.Debug|Mixed Platforms.Build.0 = Debug|x86
		{46CD6F09-77E9-41AB-B982-B605F8A984BA}.Debug|Win32.ActiveCfg = Debug|x86
		{46CD6F09-77E9-41AB-B982-B605F8A984BA}.Debug|Win32.Build.0 = Debug|x86
		{46CD6F09-77E9-41AB-B982-B605F8A984BA}.Debug|x64.ActiveCfg = Debug|x64
		{46CD6F09-77E9-41AB-B982-B605F8A984BA}.Debug|x64.Build.0 = Debug|x64
		{46CD6F09-77E9-41AB-B982-B605F8A984BA}.Debug|x86.ActiveCfg = Debug|x86
		{46CD6F09-77E9-41AB-B982-B605F8A984BA}.Debug|x86.Build.0 = Debug|x86
		{46CD6F09-77E9-41AB-B982-B605F8A984BA}.Performance|Any CPU.ActiveCfg = Release|x86
		{46CD6F09-77E9-41AB-B982-B605F8A984BA}.Performance|Mixed Platforms.ActiveCfg = Release|x86
		{46CD6F09-77E9-41AB-B982-B605F8A984BA}.Performance|Mixed Platforms.Build.0 = Release|x86
		{46CD6F09-77E9-41AB-B982-B605F8A984BA}.Performance|Win32.ActiveCfg = Release|x86
		{46CD6F09-77E9-41AB-B982-B605F8A984BA}.Performance|Win32.Build.0 = Release|x86
		{46CD6F09-77E9-41AB-B982-B605F8A984BA}.Performance|x64.ActiveCfg = Release|x64
		{46CD6F09-77E9-41AB-B982-B605F8A984BA}.Performance|x64.Build.0 = Release|x64
		{46CD6F09-77E9-41AB-B982-B605F8A984BA}.Performance|x86.ActiveCfg = Release|x86
		{46CD6F09-77E9-41AB-B982-B605F8A984BA}.Performance|x86.Build.0 = Release|x86
		{46CD6F09-77E9-41AB-B982-B605F8A984BA}.Profile Server Only|Any CPU.ActiveCfg = Release|x86
		{46CD6F09-77E9-41AB-B982-B605F8A984BA}.Profile Server Only|Mixed Platforms.ActiveCfg = Release|x86
		{46CD6F09-77E9-41AB-B982-B605F8A984BA}.Profile Server Only|Mixed Platforms.Build.0 = Release|x86
		{46CD6F09-77E9-41AB-B982-B605F8A984BA}.Profile Server Only|Win32.ActiveCfg = Release|x86
		{46CD6F09-77E9-41AB-B982-B605F8A984BA}.Profile Server Only|Win32.Build.0 = Release|x86
		{46CD6F09-77E9-41AB-B982-B605F8A984BA}.Profile Server Only|x64.ActiveCfg = Release|x64
		{46CD6F09-77E9-41AB-B982-B605F8A984BA}.Profile Server Only|x64.Build.0 = Release|x64
		{46CD6F09-77E9-41AB-B982-B605F8A984BA}.Profile Server Only|x86.ActiveCfg = Release|x86
		{46CD6F09-77E9-41AB-B982-B605F8A984BA}.Profile Server Only|x86.Build.0 = Release|x86
		{46CD6F09-77E9-41AB-B982-B605F8A984BA}.Profile|Any CPU.ActiveCfg = Release|x86
		{46CD6F09-77E9-41AB-B982-B605F8A984BA}.Profile|Mixed Platforms.ActiveCfg = Release|x86
		{46CD6F09-77E9-41AB-B982-B605F8A984BA}.Profile|Mixed Platforms.Build.0 = Release|x86
		{46CD6F09-77E9-41AB-B982-B605F8A984BA}.Profile|Win32.ActiveCfg = Release|x86
		{46CD6F09-77E9-41AB-B982-B605F8A984BA}.Profile|Win32.Build.0 = Release|x86
		{46CD6F09-77E9-41AB-B982-B605F8A984BA}.Profile|x64.ActiveCfg = Release|x64
		{46CD6F09-77E9-41AB-B982-B605F8A984BA}.Profile|x64.Build.0 = Release|x64
		{46CD6F09-77E9-41AB-B982-B605F8A984BA}.Profile|x86.ActiveCfg = Release|x86
		{46CD6F09-77E9-41AB-B982-B605F8A984BA}.Profile|x86.Build.0 = Release|x86
		{46CD6F09-77E9-41AB-B982-B605F8A984BA}.Release Server Only|Any CPU.ActiveCfg = Release|x86
		{46CD6F09-77E9-41AB-B982-B605F8A984BA}.Release Server Only|Mixed Platforms.ActiveCfg = Release|x86
		{46CD6F09-77E9-41AB-B982-B605F8A984BA}.Release Server Only|Mixed Platforms.Build.0 = Release|x86
		{46CD6F09-77E9-41AB-B982-B605F8A984BA}.Release Server Only|Win32.ActiveCfg = Release|x86
		{46CD6F09-77E9-41AB-B982-B605F8A984BA}.Release Server Only|Win32.Build.0 = Release|x86
		{46CD6F09-77E9-41AB-B982-B605F8A984BA}.Release Server Only|x64.ActiveCfg = Release|x64
		{46CD6F09-77E9-41AB-B982-B605F8A984BA}.Release Server Only|x64.Build.0 = Release|x64
		{46CD6F09-77E9-41AB-B982-B605F8A984BA}.Release Server Only|x86.ActiveCfg = Release|x86
		{46CD6F09-77E9-41AB-B982-B605F8A984BA}.Release Server Only|x86.Build.0 = Release|x86
		{46CD6F09-77E9-41AB-B982-B605F8A984BA}.Release|Any CPU.ActiveCfg = Release|x86
		{46CD6F09-77E9-41AB-B982-B605F8A984BA}.Release|Mixed Platforms.ActiveCfg = Release|x86
		{46CD6F09-77E9-41AB-B982-B605F8A984BA}.Release|Mixed Platforms.Build.0 = Release|x86
		{46CD6F09-77E9-41AB-B982-B605F8A984BA}.Release|Win32.ActiveCfg = Release|x86
		{46CD6F09-77E9-41AB-B982-B605F8A984BA}.Release|Win32.Build.0 = Release|x86
		{46CD6F09-77E9-41AB-B982-B605F8A984BA}.Release|x64.ActiveCfg = Release|x64
		{46CD6F09-77E9-41AB-B982-B605F8A984BA}.Release|x64.Build.0 = Release|x64
		{46CD6F09-77E9-41AB-B982-B605F8A984BA}.Release|x86.ActiveCfg = Release|x86
		{46CD6F09-77E9-41AB-B982-B605F8A984BA}.Release|x86.Build.0 = Release|x86
		{46CD6F09-77E9-41AB-B982-B605F8A984BA}.UnitTests|Any CPU.ActiveCfg = Release|x86
		{46CD6F09-77E9-41AB-B982-B605F8A984BA}.UnitTests|Mixed Platforms.ActiveCfg = Release|x86
		{46CD6F09-77E9-41AB-B982-B605F8A984BA}.UnitTests|Mixed Platforms.Build.0 = Release|x86
		{46CD6F09-77E9-41AB-B982-B605F8A984BA}.UnitTests|Win32.ActiveCfg = Release|x86
		{46CD6F09-77E9-41AB-B982-B605F8A984BA}.UnitTests|Win32.Build.0 = Release|x86
		{46CD6F09-77E9-41AB-B982-B605F8A984BA}.UnitTests|x64.ActiveCfg = Release|x64
		{46CD6F09-77E9-41AB-B982-B605F8A984BA}.UnitTests|x64.Build.0 = Release|x64
		{46CD6F09-77E9-41AB-B982-B605F8A984BA}.UnitTests|x86.ActiveCfg = Release|x86
		{46CD6F09-77E9-41AB-B982-B605F8A984BA}.UnitTests|x86.Build.0 = Release|x86
	EndGlobalSection
	GlobalSection(SolutionProperties) = preSolution
		HideSolutionNode = FALSE
	EndGlobalSection
	GlobalSection(NestedProjects) = preSolution
		{B41C810B-A08F-4AFD-8E68-D4D7ABA39044} = {04E64523-2132-4DB5-B0C7-B01A064BE332}
		{4A7993B3-6611-4D9D-B8AB-836D6C27B12B} = {04E64523-2132-4DB5-B0C7-B01A064BE332}
		{AEB958D4-45CA-478B-BA8E-D0E897CE974B} = {B7E82CAA-B45D-4CF5-A700-57B7B3FE4033}
		{25588172-6725-4C61-8CE5-3799FA125533} = {04E64523-2132-4DB5-B0C7-B01A064BE332}
		{EFA030F1-B5C6-410D-B217-6F40887CC8A5} = {B329A376-1AD7-4107-84BE-CE94AE958B82}
		{498187B3-E46F-45FA-A202-992AE9FDA01A} = {B7E82CAA-B45D-4CF5-A700-57B7B3FE4033}
	EndGlobalSection
	GlobalSection(ExtensibilityGlobals) = postSolution
		DPBuild = 5
	EndGlobalSection
	GlobalSection(DevPartner Solution Properties) = postSolution
	EndGlobalSection
	GlobalSection(DevPartner) = postSolution
	EndGlobalSection
	GlobalSection(DevPartner) = postSolution
	EndGlobalSection
	GlobalSection(DevPartner) = postSolution
	EndGlobalSection
	GlobalSection(DevPartner) = postSolution
	EndGlobalSection
	GlobalSection(DevPartner) = postSolution
	EndGlobalSection
	GlobalSection(DevPartner) = postSolution
	EndGlobalSection
	GlobalSection(DevPartner) = postSolution
	EndGlobalSection
	GlobalSection(DevPartner) = postSolution
	EndGlobalSection
	GlobalSection(DevPartner) = postSolution
	EndGlobalSection
	GlobalSection(DevPartner) = postSolution
	EndGlobalSection
	GlobalSection(DevPartner) = postSolution
	EndGlobalSection
	GlobalSection(DevPartner) = postSolution
	EndGlobalSection
	GlobalSection(DevPartner) = postSolution
	EndGlobalSection
	GlobalSection(DevPartner) = postSolution
	EndGlobalSection
	GlobalSection(DevPartner) = postSolution
	EndGlobalSection
	GlobalSection(DevPartner) = postSolution
	EndGlobalSection
	GlobalSection(DevPartner) = postSolution
	EndGlobalSection
EndGlobal
