<?xml version="1.0" encoding="utf-8"?>
<Project ToolsVersion="4.0" xmlns="http://schemas.microsoft.com/developer/msbuild/2003">
  <ItemGroup>
    <ClInclude Include="stdafx.h" />
    <ClInclude Include="resource.h" />
    <ClInclude Include="Interops\GameLogic\GameRules.h">
      <Filter>Interops\Game Logic</Filter>
    </ClInclude>
    <ClInclude Include="AllInterops.h" />
  </ItemGroup>
  <ItemGroup>
    <ClCompile Include="stdafx.cpp" />
    <ClCompile Include="Interops\GameLogic\GameRules.cpp">
      <Filter>Interops\Game Logic</Filter>
    </ClCompile>
  </ItemGroup>
  <ItemGroup>
    <Filter Include="Interops">
      <UniqueIdentifier>{53346888-7df8-470b-b631-f549bf104199}</UniqueIdentifier>
    </Filter>
    <Filter Include="Interops\Game Logic">
      <UniqueIdentifier>{55fd45df-3f95-4840-8eab-7d7170031ae0}</UniqueIdentifier>
    </Filter>
  </ItemGroup>
</Project>